// !$*UTF8*$!
{
	archiveVersion = 1;
	classes = {
	};
	objectVersion = 48;
	objects = {

/* Begin PBXBuildFile section */
		3039FB3F2031D98100A4EB80 /* AppDelegate.swift in Sources */ = {isa = PBXBuildFile; fileRef = 3039FB3E2031D98100A4EB80 /* AppDelegate.swift */; };
		3039FB412031D98100A4EB80 /* ViewController.swift in Sources */ = {isa = PBXBuildFile; fileRef = 3039FB402031D98100A4EB80 /* ViewController.swift */; };
		3039FB442031D98100A4EB80 /* Main.storyboard in Resources */ = {isa = PBXBuildFile; fileRef = 3039FB422031D98100A4EB80 /* Main.storyboard */; };
		3039FB462031D98100A4EB80 /* Assets.xcassets in Resources */ = {isa = PBXBuildFile; fileRef = 3039FB452031D98100A4EB80 /* Assets.xcassets */; };
		3039FB492031D98100A4EB80 /* LaunchScreen.storyboard in Resources */ = {isa = PBXBuildFile; fileRef = 3039FB472031D98100A4EB80 /* LaunchScreen.storyboard */; };
		3039FB542031D98100A4EB80 /* CatchKennyTests.swift in Sources */ = {isa = PBXBuildFile; fileRef = 3039FB532031D98100A4EB80 /* CatchKennyTests.swift */; };
		3039FB5F2031D98100A4EB80 /* CatchKennyUITests.swift in Sources */ = {isa = PBXBuildFile; fileRef = 3039FB5E2031D98100A4EB80 /* CatchKennyUITests.swift */; };
		3039FB6D2031E36A00A4EB80 /* Kenny.jpg in Resources */ = {isa = PBXBuildFile; fileRef = 3039FB6C2031E36A00A4EB80 /* Kenny.jpg */; };
/* End PBXBuildFile section */

/* Begin PBXContainerItemProxy section */
		3039FB502031D98100A4EB80 /* PBXContainerItemProxy */ = {
			isa = PBXContainerItemProxy;
			containerPortal = 3039FB332031D98100A4EB80 /* Project object */;
			proxyType = 1;
			remoteGlobalIDString = 3039FB3A2031D98100A4EB80;
			remoteInfo = CatchKenny;
		};
		3039FB5B2031D98100A4EB80 /* PBXContainerItemProxy */ = {
			isa = PBXContainerItemProxy;
			containerPortal = 3039FB332031D98100A4EB80 /* Project object */;
			proxyType = 1;
			remoteGlobalIDString = 3039FB3A2031D98100A4EB80;
			remoteInfo = CatchKenny;
		};
/* End PBXContainerItemProxy section */

/* Begin PBXFileReference section */
		3039FB3B2031D98100A4EB80 /* CatchKenny.app */ = {isa = PBXFileReference; explicitFileType = wrapper.application; includeInIndex = 0; path = CatchKenny.app; sourceTree = BUILT_PRODUCTS_DIR; };
		3039FB3E2031D98100A4EB80 /* AppDelegate.swift */ = {isa = PBXFileReference; lastKnownFileType = sourcecode.swift; path = AppDelegate.swift; sourceTree = "<group>"; };
		3039FB402031D98100A4EB80 /* ViewController.swift */ = {isa = PBXFileReference; lastKnownFileType = sourcecode.swift; path = ViewController.swift; sourceTree = "<group>"; };
		3039FB432031D98100A4EB80 /* Base */ = {isa = PBXFileReference; lastKnownFileType = file.storyboard; name = Base; path = Base.lproj/Main.storyboard; sourceTree = "<group>"; };
		3039FB452031D98100A4EB80 /* Assets.xcassets */ = {isa = PBXFileReference; lastKnownFileType = folder.assetcatalog; path = Assets.xcassets; sourceTree = "<group>"; };
		3039FB482031D98100A4EB80 /* Base */ = {isa = PBXFileReference; lastKnownFileType = file.storyboard; name = Base; path = Base.lproj/LaunchScreen.storyboard; sourceTree = "<group>"; };
		3039FB4A2031D98100A4EB80 /* Info.plist */ = {isa = PBXFileReference; lastKnownFileType = text.plist.xml; path = Info.plist; sourceTree = "<group>"; };
		3039FB4F2031D98100A4EB80 /* CatchKennyTests.xctest */ = {isa = PBXFileReference; explicitFileType = wrapper.cfbundle; includeInIndex = 0; path = CatchKennyTests.xctest; sourceTree = BUILT_PRODUCTS_DIR; };
		3039FB532031D98100A4EB80 /* CatchKennyTests.swift */ = {isa = PBXFileReference; lastKnownFileType = sourcecode.swift; path = CatchKennyTests.swift; sourceTree = "<group>"; };
		3039FB552031D98100A4EB80 /* Info.plist */ = {isa = PBXFileReference; lastKnownFileType = text.plist.xml; path = Info.plist; sourceTree = "<group>"; };
		3039FB5A2031D98100A4EB80 /* CatchKennyUITests.xctest */ = {isa = PBXFileReference; explicitFileType = wrapper.cfbundle; includeInIndex = 0; path = CatchKennyUITests.xctest; sourceTree = BUILT_PRODUCTS_DIR; };
		3039FB5E2031D98100A4EB80 /* CatchKennyUITests.swift */ = {isa = PBXFileReference; lastKnownFileType = sourcecode.swift; path = CatchKennyUITests.swift; sourceTree = "<group>"; };
		3039FB602031D98100A4EB80 /* Info.plist */ = {isa = PBXFileReference; lastKnownFileType = text.plist.xml; path = Info.plist; sourceTree = "<group>"; };
		3039FB6C2031E36A00A4EB80 /* Kenny.jpg */ = {isa = PBXFileReference; lastKnownFileType = image.jpeg; path = Kenny.jpg; sourceTree = "<group>"; };
/* End PBXFileReference section */

/* Begin PBXFrameworksBuildPhase section */
		3039FB382031D98100A4EB80 /* Frameworks */ = {
			isa = PBXFrameworksBuildPhase;
			buildActionMask = 2147483647;
			files = (
			);
			runOnlyForDeploymentPostprocessing = 0;
		};
		3039FB4C2031D98100A4EB80 /* Frameworks */ = {
			isa = PBXFrameworksBuildPhase;
			buildActionMask = 2147483647;
			files = (
			);
			runOnlyForDeploymentPostprocessing = 0;
		};
		3039FB572031D98100A4EB80 /* Frameworks */ = {
			isa = PBXFrameworksBuildPhase;
			buildActionMask = 2147483647;
			files = (
			);
			runOnlyForDeploymentPostprocessing = 0;
		};
/* End PBXFrameworksBuildPhase section */

/* Begin PBXGroup section */
		3039FB322031D98100A4EB80 = {
			isa = PBXGroup;
			children = (
				3039FB3D2031D98100A4EB80 /* CatchKenny */,
				3039FB522031D98100A4EB80 /* CatchKennyTests */,
				3039FB5D2031D98100A4EB80 /* CatchKennyUITests */,
				3039FB3C2031D98100A4EB80 /* Products */,
			);
			sourceTree = "<group>";
		};
		3039FB3C2031D98100A4EB80 /* Products */ = {
			isa = PBXGroup;
			children = (
				3039FB3B2031D98100A4EB80 /* CatchKenny.app */,
				3039FB4F2031D98100A4EB80 /* CatchKennyTests.xctest */,
				3039FB5A2031D98100A4EB80 /* CatchKennyUITests.xctest */,
			);
			name = Products;
			sourceTree = "<group>";
		};
		3039FB3D2031D98100A4EB80 /* CatchKenny */ = {
			isa = PBXGroup;
			children = (
				3039FB6C2031E36A00A4EB80 /* Kenny.jpg */,
				3039FB3E2031D98100A4EB80 /* AppDelegate.swift */,
				3039FB402031D98100A4EB80 /* ViewController.swift */,
				3039FB422031D98100A4EB80 /* Main.storyboard */,
				3039FB452031D98100A4EB80 /* Assets.xcassets */,
				3039FB472031D98100A4EB80 /* LaunchScreen.storyboard */,
				3039FB4A2031D98100A4EB80 /* Info.plist */,
			);
			path = CatchKenny;
			sourceTree = "<group>";
		};
		3039FB522031D98100A4EB80 /* CatchKennyTests */ = {
			isa = PBXGroup;
			children = (
				3039FB532031D98100A4EB80 /* CatchKennyTests.swift */,
				3039FB552031D98100A4EB80 /* Info.plist */,
			);
			path = CatchKennyTests;
			sourceTree = "<group>";
		};
		3039FB5D2031D98100A4EB80 /* CatchKennyUITests */ = {
			isa = PBXGroup;
			children = (
				3039FB5E2031D98100A4EB80 /* CatchKennyUITests.swift */,
				3039FB602031D98100A4EB80 /* Info.plist */,
			);
			path = CatchKennyUITests;
			sourceTree = "<group>";
		};
/* End PBXGroup section */

/* Begin PBXNativeTarget section */
		3039FB3A2031D98100A4EB80 /* CatchKenny */ = {
			isa = PBXNativeTarget;
			buildConfigurationList = 3039FB632031D98100A4EB80 /* Build configuration list for PBXNativeTarget "CatchKenny" */;
			buildPhases = (
				3039FB372031D98100A4EB80 /* Sources */,
				3039FB382031D98100A4EB80 /* Frameworks */,
				3039FB392031D98100A4EB80 /* Resources */,
			);
			buildRules = (
			);
			dependencies = (
			);
			name = CatchKenny;
			productName = CatchKenny;
			productReference = 3039FB3B2031D98100A4EB80 /* CatchKenny.app */;
			productType = "com.apple.product-type.application";
		};
		3039FB4E2031D98100A4EB80 /* CatchKennyTests */ = {
			isa = PBXNativeTarget;
			buildConfigurationList = 3039FB662031D98100A4EB80 /* Build configuration list for PBXNativeTarget "CatchKennyTests" */;
			buildPhases = (
				3039FB4B2031D98100A4EB80 /* Sources */,
				3039FB4C2031D98100A4EB80 /* Frameworks */,
				3039FB4D2031D98100A4EB80 /* Resources */,
			);
			buildRules = (
			);
			dependencies = (
				3039FB512031D98100A4EB80 /* PBXTargetDependency */,
			);
			name = CatchKennyTests;
			productName = CatchKennyTests;
			productReference = 3039FB4F2031D98100A4EB80 /* CatchKennyTests.xctest */;
			productType = "com.apple.product-type.bundle.unit-test";
		};
		3039FB592031D98100A4EB80 /* CatchKennyUITests */ = {
			isa = PBXNativeTarget;
			buildConfigurationList = 3039FB692031D98100A4EB80 /* Build configuration list for PBXNativeTarget "CatchKennyUITests" */;
			buildPhases = (
				3039FB562031D98100A4EB80 /* Sources */,
				3039FB572031D98100A4EB80 /* Frameworks */,
				3039FB582031D98100A4EB80 /* Resources */,
			);
			buildRules = (
			);
			dependencies = (
				3039FB5C2031D98100A4EB80 /* PBXTargetDependency */,
			);
			name = CatchKennyUITests;
			productName = CatchKennyUITests;
			productReference = 3039FB5A2031D98100A4EB80 /* CatchKennyUITests.xctest */;
			productType = "com.apple.product-type.bundle.ui-testing";
		};
/* End PBXNativeTarget section */

/* Begin PBXProject section */
		3039FB332031D98100A4EB80 /* Project object */ = {
			isa = PBXProject;
			attributes = {
				LastSwiftUpdateCheck = 0920;
				LastUpgradeCheck = 0920;
				ORGANIZATIONNAME = "Hakan Akın";
				TargetAttributes = {
					3039FB3A2031D98100A4EB80 = {
						CreatedOnToolsVersion = 9.2;
						ProvisioningStyle = Automatic;
					};
					3039FB4E2031D98100A4EB80 = {
						CreatedOnToolsVersion = 9.2;
						ProvisioningStyle = Automatic;
						TestTargetID = 3039FB3A2031D98100A4EB80;
					};
					3039FB592031D98100A4EB80 = {
						CreatedOnToolsVersion = 9.2;
						ProvisioningStyle = Automatic;
						TestTargetID = 3039FB3A2031D98100A4EB80;
					};
				};
			};
			buildConfigurationList = 3039FB362031D98100A4EB80 /* Build configuration list for PBXProject "CatchKenny" */;
			compatibilityVersion = "Xcode 8.0";
			developmentRegion = en;
			hasScannedForEncodings = 0;
			knownRegions = (
				en,
				Base,
			);
			mainGroup = 3039FB322031D98100A4EB80;
			productRefGroup = 3039FB3C2031D98100A4EB80 /* Products */;
			projectDirPath = "";
			projectRoot = "";
			targets = (
				3039FB3A2031D98100A4EB80 /* CatchKenny */,
				3039FB4E2031D98100A4EB80 /* CatchKennyTests */,
				3039FB592031D98100A4EB80 /* CatchKennyUITests */,
			);
		};
/* End PBXProject section */

/* Begin PBXResourcesBuildPhase section */
		3039FB392031D98100A4EB80 /* Resources */ = {
			isa = PBXResourcesBuildPhase;
			buildActionMask = 2147483647;
			files = (
				3039FB492031D98100A4EB80 /* LaunchScreen.storyboard in Resources */,
				3039FB6D2031E36A00A4EB80 /* Kenny.jpg in Resources */,
				3039FB462031D98100A4EB80 /* Assets.xcassets in Resources */,
				3039FB442031D98100A4EB80 /* Main.storyboard in Resources */,
			);
			runOnlyForDeploymentPostprocessing = 0;
		};
		3039FB4D2031D98100A4EB80 /* Resources */ = {
			isa = PBXResourcesBuildPhase;
			buildActionMask = 2147483647;
			files = (
			);
			runOnlyForDeploymentPostprocessing = 0;
		};
		3039FB582031D98100A4EB80 /* Resources */ = {
			isa = PBXResourcesBuildPhase;
			buildActionMask = 2147483647;
			files = (
			);
			runOnlyForDeploymentPostprocessing = 0;
		};
/* End PBXResourcesBuildPhase section */

/* Begin PBXSourcesBuildPhase section */
		3039FB372031D98100A4EB80 /* Sources */ = {
			isa = PBXSourcesBuildPhase;
			buildActionMask = 2147483647;
			files = (
				3039FB412031D98100A4EB80 /* ViewController.swift in Sources */,
				3039FB3F2031D98100A4EB80 /* AppDelegate.swift in Sources */,
			);
			runOnlyForDeploymentPostprocessing = 0;
		};
		3039FB4B2031D98100A4EB80 /* Sources */ = {
			isa = PBXSourcesBuildPhase;
			buildActionMask = 2147483647;
			files = (
				3039FB542031D98100A4EB80 /* CatchKennyTests.swift in Sources */,
			);
			runOnlyForDeploymentPostprocessing = 0;
		};
		3039FB562031D98100A4EB80 /* Sources */ = {
			isa = PBXSourcesBuildPhase;
			buildActionMask = 2147483647;
			files = (
				3039FB5F2031D98100A4EB80 /* CatchKennyUITests.swift in Sources */,
			);
			runOnlyForDeploymentPostprocessing = 0;
		};
/* End PBXSourcesBuildPhase section */

/* Begin PBXTargetDependency section */
		3039FB512031D98100A4EB80 /* PBXTargetDependency */ = {
			isa = PBXTargetDependency;
			target = 3039FB3A2031D98100A4EB80 /* CatchKenny */;
			targetProxy = 3039FB502031D98100A4EB80 /* PBXContainerItemProxy */;
		};
		3039FB5C2031D98100A4EB80 /* PBXTargetDependency */ = {
			isa = PBXTargetDependency;
			target = 3039FB3A2031D98100A4EB80 /* CatchKenny */;
			targetProxy = 3039FB5B2031D98100A4EB80 /* PBXContainerItemProxy */;
		};
/* End PBXTargetDependency section */

/* Begin PBXVariantGroup section */
		3039FB422031D98100A4EB80 /* Main.storyboard */ = {
			isa = PBXVariantGroup;
			children = (
				3039FB432031D98100A4EB80 /* Base */,
			);
			name = Main.storyboard;
			sourceTree = "<group>";
		};
		3039FB472031D98100A4EB80 /* LaunchScreen.storyboard */ = {
			isa = PBXVariantGroup;
			children = (
				3039FB482031D98100A4EB80 /* Base */,
			);
			name = LaunchScreen.storyboard;
			sourceTree = "<group>";
		};
/* End PBXVariantGroup section */

/* Begin XCBuildConfiguration section */
		3039FB612031D98100A4EB80 /* Debug */ = {
			isa = XCBuildConfiguration;
			buildSettings = {
				ALWAYS_SEARCH_USER_PATHS = NO;
				CLANG_ANALYZER_NONNULL = YES;
				CLANG_ANALYZER_NUMBER_OBJECT_CONVERSION = YES_AGGRESSIVE;
				CLANG_CXX_LANGUAGE_STANDARD = "gnu++14";
				CLANG_CXX_LIBRARY = "libc++";
				CLANG_ENABLE_MODULES = YES;
				CLANG_ENABLE_OBJC_ARC = YES;
				CLANG_WARN_BLOCK_CAPTURE_AUTORELEASING = YES;
				CLANG_WARN_BOOL_CONVERSION = YES;
				CLANG_WARN_COMMA = YES;
				CLANG_WARN_CONSTANT_CONVERSION = YES;
				CLANG_WARN_DIRECT_OBJC_ISA_USAGE = YES_ERROR;
				CLANG_WARN_DOCUMENTATION_COMMENTS = YES;
				CLANG_WARN_EMPTY_BODY = YES;
				CLANG_WARN_ENUM_CONVERSION = YES;
				CLANG_WARN_INFINITE_RECURSION = YES;
				CLANG_WARN_INT_CONVERSION = YES;
				CLANG_WARN_NON_LITERAL_NULL_CONVERSION = YES;
				CLANG_WARN_OBJC_LITERAL_CONVERSION = YES;
				CLANG_WARN_OBJC_ROOT_CLASS = YES_ERROR;
				CLANG_WARN_RANGE_LOOP_ANALYSIS = YES;
				CLANG_WARN_STRICT_PROTOTYPES = YES;
				CLANG_WARN_SUSPICIOUS_MOVE = YES;
				CLANG_WARN_UNGUARDED_AVAILABILITY = YES_AGGRESSIVE;
				CLANG_WARN_UNREACHABLE_CODE = YES;
				CLANG_WARN__DUPLICATE_METHOD_MATCH = YES;
				CODE_SIGN_IDENTITY = "iPhone Developer";
				COPY_PHASE_STRIP = NO;
				DEBUG_INFORMATION_FORMAT = dwarf;
				ENABLE_STRICT_OBJC_MSGSEND = YES;
				ENABLE_TESTABILITY = YES;
				GCC_C_LANGUAGE_STANDARD = gnu11;
				GCC_DYNAMIC_NO_PIC = NO;
				GCC_NO_COMMON_BLOCKS = YES;
				GCC_OPTIMIZATION_LEVEL = 0;
				GCC_PREPROCESSOR_DEFINITIONS = (
					"DEBUG=1",
					"$(inherited)",
				);
				GCC_WARN_64_TO_32_BIT_CONVERSION = YES;
				GCC_WARN_ABOUT_RETURN_TYPE = YES_ERROR;
				GCC_WARN_UNDECLARED_SELECTOR = YES;
				GCC_WARN_UNINITIALIZED_AUTOS = YES_AGGRESSIVE;
				GCC_WARN_UNUSED_FUNCTION = YES;
				GCC_WARN_UNUSED_VARIABLE = YES;
				IPHONEOS_DEPLOYMENT_TARGET = 11.2;
				MTL_ENABLE_DEBUG_INFO = YES;
				ONLY_ACTIVE_ARCH = YES;
				SDKROOT = iphoneos;
				SWIFT_ACTIVE_COMPILATION_CONDITIONS = DEBUG;
				SWIFT_OPTIMIZATION_LEVEL = "-Onone";
			};
			name = Debug;
		};
		3039FB622031D98100A4EB80 /* Release */ = {
			isa = XCBuildConfiguration;
			buildSettings = {
				ALWAYS_SEARCH_USER_PATHS = NO;
				CLANG_ANALYZER_NONNULL = YES;
				CLANG_ANALYZER_NUMBER_OBJECT_CONVERSION = YES_AGGRESSIVE;
				CLANG_CXX_LANGUAGE_STANDARD = "gnu++14";
				CLANG_CXX_LIBRARY = "libc++";
				CLANG_ENABLE_MODULES = YES;
				CLANG_ENABLE_OBJC_ARC = YES;
				CLANG_WARN_BLOCK_CAPTURE_AUTORELEASING = YES;
				CLANG_WARN_BOOL_CONVERSION = YES;
				CLANG_WARN_COMMA = YES;
				CLANG_WARN_CONSTANT_CONVERSION = YES;
				CLANG_WARN_DIRECT_OBJC_ISA_USAGE = YES_ERROR;
				CLANG_WARN_DOCUMENTATION_COMMENTS = YES;
				CLANG_WARN_EMPTY_BODY = YES;
				CLANG_WARN_ENUM_CONVERSION = YES;
				CLANG_WARN_INFINITE_RECURSION = YES;
				CLANG_WARN_INT_CONVERSION = YES;
				CLANG_WARN_NON_LITERAL_NULL_CONVERSION = YES;
				CLANG_WARN_OBJC_LITERAL_CONVERSION = YES;
				CLANG_WARN_OBJC_ROOT_CLASS = YES_ERROR;
				CLANG_WARN_RANGE_LOOP_ANALYSIS = YES;
				CLANG_WARN_STRICT_PROTOTYPES = YES;
				CLANG_WARN_SUSPICIOUS_MOVE = YES;
				CLANG_WARN_UNGUARDED_AVAILABILITY = YES_AGGRESSIVE;
				CLANG_WARN_UNREACHABLE_CODE = YES;
				CLANG_WARN__DUPLICATE_METHOD_MATCH = YES;
				CODE_SIGN_IDENTITY = "iPhone Developer";
				COPY_PHASE_STRIP = NO;
				DEBUG_INFORMATION_FORMAT = "dwarf-with-dsym";
				ENABLE_NS_ASSERTIONS = NO;
				ENABLE_STRICT_OBJC_MSGSEND = YES;
				GCC_C_LANGUAGE_STANDARD = gnu11;
				GCC_NO_COMMON_BLOCKS = YES;
				GCC_WARN_64_TO_32_BIT_CONVERSION = YES;
				GCC_WARN_ABOUT_RETURN_TYPE = YES_ERROR;
				GCC_WARN_UNDECLARED_SELECTOR = YES;
				GCC_WARN_UNINITIALIZED_AUTOS = YES_AGGRESSIVE;
				GCC_WARN_UNUSED_FUNCTION = YES;
				GCC_WARN_UNUSED_VARIABLE = YES;
				IPHONEOS_DEPLOYMENT_TARGET = 11.2;
				MTL_ENABLE_DEBUG_INFO = NO;
				SDKROOT = iphoneos;
				SWIFT_OPTIMIZATION_LEVEL = "-Owholemodule";
				VALIDATE_PRODUCT = YES;
			};
			name = Release;
		};
		3039FB642031D98100A4EB80 /* Debug */ = {
			isa = XCBuildConfiguration;
			buildSettings = {
				ASSETCATALOG_COMPILER_APPICON_NAME = AppIcon;
				CODE_SIGN_STYLE = Automatic;
				INFOPLIST_FILE = CatchKenny/Info.plist;
				LD_RUNPATH_SEARCH_PATHS = "$(inherited) @executable_path/Frameworks";
				PRODUCT_BUNDLE_IDENTIFIER = hakanakin.CatchKenny;
				PRODUCT_NAME = "$(TARGET_NAME)";
				SWIFT_VERSION = 4.0;
				TARGETED_DEVICE_FAMILY = "1,2";
			};
			name = Debug;
		};
		3039FB652031D98100A4EB80 /* Release */ = {
			isa = XCBuildConfiguration;
			buildSettings = {
				ASSETCATALOG_COMPILER_APPICON_NAME = AppIcon;
				CODE_SIGN_STYLE = Automatic;
				INFOPLIST_FILE = CatchKenny/Info.plist;
				LD_RUNPATH_SEARCH_PATHS = "$(inherited) @executable_path/Frameworks";
				PRODUCT_BUNDLE_IDENTIFIER = hakanakin.CatchKenny;
				PRODUCT_NAME = "$(TARGET_NAME)";
				SWIFT_VERSION = 4.0;
				TARGETED_DEVICE_FAMILY = "1,2";
			};
			name = Release;
		};
		3039FB672031D98100A4EB80 /* Debug */ = {
			isa = XCBuildConfiguration;
			buildSettings = {
				ALWAYS_EMBED_SWIFT_STANDARD_LIBRARIES = YES;
				BUNDLE_LOADER = "$(TEST_HOST)";
				CODE_SIGN_STYLE = Automatic;
				INFOPLIST_FILE = CatchKennyTests/Info.plist;
				LD_RUNPATH_SEARCH_PATHS = "$(inherited) @executable_path/Frameworks @loader_path/Frameworks";
				PRODUCT_BUNDLE_IDENTIFIER = hakanakin.CatchKennyTests;
				PRODUCT_NAME = "$(TARGET_NAME)";
				SWIFT_VERSION = 4.0;
				TARGETED_DEVICE_FAMILY = "1,2";
				TEST_HOST = "$(BUILT_PRODUCTS_DIR)/CatchKenny.app/CatchKenny";
			};
			name = Debug;
		};
		3039FB682031D98100A4EB80 /* Release */ = {
			isa = XCBuildConfiguration;
			buildSettings = {
				ALWAYS_EMBED_SWIFT_STANDARD_LIBRARIES = YES;
				BUNDLE_LOADER = "$(TEST_HOST)";
				CODE_SIGN_STYLE = Automatic;
				INFOPLIST_FILE = CatchKennyTests/Info.plist;
				LD_RUNPATH_SEARCH_PATHS = "$(inherited) @executable_path/Frameworks @loader_path/Frameworks";
				PRODUCT_BUNDLE_IDENTIFIER = hakanakin.CatchKennyTests;
				PRODUCT_NAME = "$(TARGET_NAME)";
				SWIFT_VERSION = 4.0;
				TARGETED_DEVICE_FAMILY = "1,2";
				TEST_HOST = "$(BUILT_PRODUCTS_DIR)/CatchKenny.app/CatchKenny";
			};
			name = Release;
		};
		3039FB6A2031D98100A4EB80 /* Debug */ = {
			isa = XCBuildConfiguration;
			buildSettings = {
				ALWAYS_EMBED_SWIFT_STANDARD_LIBRARIES = YES;
				CODE_SIGN_STYLE = Automatic;
				INFOPLIST_FILE = CatchKennyUITests/Info.plist;
				LD_RUNPATH_SEARCH_PATHS = "$(inherited) @executable_path/Frameworks @loader_path/Frameworks";
				PRODUCT_BUNDLE_IDENTIFIER = hakanakin.CatchKennyUITests;
				PRODUCT_NAME = "$(TARGET_NAME)";
				SWIFT_VERSION = 4.0;
				TARGETED_DEVICE_FAMILY = "1,2";
				TEST_TARGET_NAME = CatchKenny;
			};
			name = Debug;
		};
		3039FB6B2031D98100A4EB80 /* Release */ = {
			isa = XCBuildConfiguration;
			buildSettings = {
				ALWAYS_EMBED_SWIFT_STANDARD_LIBRARIES = YES;
				CODE_SIGN_STYLE = Automatic;
				INFOPLIST_FILE = CatchKennyUITests/Info.plist;
				LD_RUNPATH_SEARCH_PATHS = "$(inherited) @executable_path/Frameworks @loader_path/Frameworks";
				PRODUCT_BUNDLE_IDENTIFIER = hakanakin.CatchKennyUITests;
				PRODUCT_NAME = "$(TARGET_NAME)";
				SWIFT_VERSION = 4.0;
				TARGETED_DEVICE_FAMILY = "1,2";
				TEST_TARGET_NAME = CatchKenny;
			};
			name = Release;
		};
/* End XCBuildConfiguration section */

/* Begin XCConfigurationList section */
		3039FB362031D98100A4EB80 /* Build configuration list for PBXProject "CatchKenny" */ = {
			isa = XCConfigurationList;
			buildConfigurations = (
				3039FB612031D98100A4EB80 /* Debug */,
				3039FB622031D98100A4EB80 /* Release */,
			);
			defaultConfigurationIsVisible = 0;
			defaultConfigurationName = Release;
		};
		3039FB632031D98100A4EB80 /* Build configuration list for PBXNativeTarget "CatchKenny" */ = {
			isa = XCConfigurationList;
			buildConfigurations = (
				3039FB642031D98100A4EB80 /* Debug */,
				3039FB652031D98100A4EB80 /* Release */,
			);
			defaultConfigurationIsVisible = 0;
			defaultConfigurationName = Release;
		};
		3039FB662031D98100A4EB80 /* Build configuration list for PBXNativeTarget "CatchKennyTests" */ = {
			isa = XCConfigurationList;
			buildConfigurations = (
				3039FB672031D98100A4EB80 /* Debug */,
				3039FB682031D98100A4EB80 /* Release */,
			);
			defaultConfigurationIsVisible = 0;
			defaultConfigurationName = Release;
		};
		3039FB692031D98100A4EB80 /* Build configuration list for PBXNativeTarget "CatchKennyUITests" */ = {
			isa = XCConfigurationList;
			buildConfigurations = (
				3039FB6A2031D98100A4EB80 /* Debug */,
				3039FB6B2031D98100A4EB80 /* Release */,
			);
			defaultConfigurationIsVisible = 0;
			defaultConfigurationName = Release;
		};
/* End XCConfigurationList section */
	};
	rootObject = 3039FB332031D98100A4EB80 /* Project object */;
}
