// !$*UTF8*$!
{
	archiveVersion = 1;
	classes = {
	};
	objectVersion = 48;
	objects = {

/* Begin PBXBuildFile section */
		3095403F2029D89C00F800BB /* AppDelegate.swift in Sources */ = {isa = PBXBuildFile; fileRef = 3095403E2029D89C00F800BB /* AppDelegate.swift */; };
		309540412029D89D00F800BB /* ViewController.swift in Sources */ = {isa = PBXBuildFile; fileRef = 309540402029D89D00F800BB /* ViewController.swift */; };
		309540442029D89D00F800BB /* Main.storyboard in Resources */ = {isa = PBXBuildFile; fileRef = 309540422029D89D00F800BB /* Main.storyboard */; };
		309540462029D89D00F800BB /* Assets.xcassets in Resources */ = {isa = PBXBuildFile; fileRef = 309540452029D89D00F800BB /* Assets.xcassets */; };
		309540492029D89D00F800BB /* LaunchScreen.storyboard in Resources */ = {isa = PBXBuildFile; fileRef = 309540472029D89D00F800BB /* LaunchScreen.storyboard */; };
		309540542029D89D00F800BB /* GestureRecognizerTests.swift in Sources */ = {isa = PBXBuildFile; fileRef = 309540532029D89D00F800BB /* GestureRecognizerTests.swift */; };
		3095405F2029D89D00F800BB /* GestureRecognizerUITests.swift in Sources */ = {isa = PBXBuildFile; fileRef = 3095405E2029D89D00F800BB /* GestureRecognizerUITests.swift */; };
		3095406E2029D98400F800BB /* james.jpg in Resources */ = {isa = PBXBuildFile; fileRef = 3095406C2029D98400F800BB /* james.jpg */; };
		3095406F2029D98400F800BB /* kirk.jpg in Resources */ = {isa = PBXBuildFile; fileRef = 3095406D2029D98400F800BB /* kirk.jpg */; };
/* End PBXBuildFile section */

/* Begin PBXContainerItemProxy section */
		309540502029D89D00F800BB /* PBXContainerItemProxy */ = {
			isa = PBXContainerItemProxy;
			containerPortal = 309540332029D89C00F800BB /* Project object */;
			proxyType = 1;
			remoteGlobalIDString = 3095403A2029D89C00F800BB;
			remoteInfo = GestureRecognizer;
		};
		3095405B2029D89D00F800BB /* PBXContainerItemProxy */ = {
			isa = PBXContainerItemProxy;
			containerPortal = 309540332029D89C00F800BB /* Project object */;
			proxyType = 1;
			remoteGlobalIDString = 3095403A2029D89C00F800BB;
			remoteInfo = GestureRecognizer;
		};
/* End PBXContainerItemProxy section */

/* Begin PBXFileReference section */
		3095403B2029D89C00F800BB /* GestureRecognizer.app */ = {isa = PBXFileReference; explicitFileType = wrapper.application; includeInIndex = 0; path = GestureRecognizer.app; sourceTree = BUILT_PRODUCTS_DIR; };
		3095403E2029D89C00F800BB /* AppDelegate.swift */ = {isa = PBXFileReference; lastKnownFileType = sourcecode.swift; path = AppDelegate.swift; sourceTree = "<group>"; };
		309540402029D89D00F800BB /* ViewController.swift */ = {isa = PBXFileReference; lastKnownFileType = sourcecode.swift; path = ViewController.swift; sourceTree = "<group>"; };
		309540432029D89D00F800BB /* Base */ = {isa = PBXFileReference; lastKnownFileType = file.storyboard; name = Base; path = Base.lproj/Main.storyboard; sourceTree = "<group>"; };
		309540452029D89D00F800BB /* Assets.xcassets */ = {isa = PBXFileReference; lastKnownFileType = folder.assetcatalog; path = Assets.xcassets; sourceTree = "<group>"; };
		309540482029D89D00F800BB /* Base */ = {isa = PBXFileReference; lastKnownFileType = file.storyboard; name = Base; path = Base.lproj/LaunchScreen.storyboard; sourceTree = "<group>"; };
		3095404A2029D89D00F800BB /* Info.plist */ = {isa = PBXFileReference; lastKnownFileType = text.plist.xml; path = Info.plist; sourceTree = "<group>"; };
		3095404F2029D89D00F800BB /* GestureRecognizerTests.xctest */ = {isa = PBXFileReference; explicitFileType = wrapper.cfbundle; includeInIndex = 0; path = GestureRecognizerTests.xctest; sourceTree = BUILT_PRODUCTS_DIR; };
		309540532029D89D00F800BB /* GestureRecognizerTests.swift */ = {isa = PBXFileReference; lastKnownFileType = sourcecode.swift; path = GestureRecognizerTests.swift; sourceTree = "<group>"; };
		309540552029D89D00F800BB /* Info.plist */ = {isa = PBXFileReference; lastKnownFileType = text.plist.xml; path = Info.plist; sourceTree = "<group>"; };
		3095405A2029D89D00F800BB /* GestureRecognizerUITests.xctest */ = {isa = PBXFileReference; explicitFileType = wrapper.cfbundle; includeInIndex = 0; path = GestureRecognizerUITests.xctest; sourceTree = BUILT_PRODUCTS_DIR; };
		3095405E2029D89D00F800BB /* GestureRecognizerUITests.swift */ = {isa = PBXFileReference; lastKnownFileType = sourcecode.swift; path = GestureRecognizerUITests.swift; sourceTree = "<group>"; };
		309540602029D89D00F800BB /* Info.plist */ = {isa = PBXFileReference; lastKnownFileType = text.plist.xml; path = Info.plist; sourceTree = "<group>"; };
		3095406C2029D98400F800BB /* james.jpg */ = {isa = PBXFileReference; lastKnownFileType = image.jpeg; path = james.jpg; sourceTree = "<group>"; };
		3095406D2029D98400F800BB /* kirk.jpg */ = {isa = PBXFileReference; lastKnownFileType = image.jpeg; path = kirk.jpg; sourceTree = "<group>"; };
/* End PBXFileReference section */

/* Begin PBXFrameworksBuildPhase section */
		309540382029D89C00F800BB /* Frameworks */ = {
			isa = PBXFrameworksBuildPhase;
			buildActionMask = 2147483647;
			files = (
			);
			runOnlyForDeploymentPostprocessing = 0;
		};
		3095404C2029D89D00F800BB /* Frameworks */ = {
			isa = PBXFrameworksBuildPhase;
			buildActionMask = 2147483647;
			files = (
			);
			runOnlyForDeploymentPostprocessing = 0;
		};
		309540572029D89D00F800BB /* Frameworks */ = {
			isa = PBXFrameworksBuildPhase;
			buildActionMask = 2147483647;
			files = (
			);
			runOnlyForDeploymentPostprocessing = 0;
		};
/* End PBXFrameworksBuildPhase section */

/* Begin PBXGroup section */
		309540322029D89C00F800BB = {
			isa = PBXGroup;
			children = (
				3095403D2029D89C00F800BB /* GestureRecognizer */,
				309540522029D89D00F800BB /* GestureRecognizerTests */,
				3095405D2029D89D00F800BB /* GestureRecognizerUITests */,
				3095403C2029D89C00F800BB /* Products */,
			);
			sourceTree = "<group>";
		};
		3095403C2029D89C00F800BB /* Products */ = {
			isa = PBXGroup;
			children = (
				3095403B2029D89C00F800BB /* GestureRecognizer.app */,
				3095404F2029D89D00F800BB /* GestureRecognizerTests.xctest */,
				3095405A2029D89D00F800BB /* GestureRecognizerUITests.xctest */,
			);
			name = Products;
			sourceTree = "<group>";
		};
		3095403D2029D89C00F800BB /* GestureRecognizer */ = {
			isa = PBXGroup;
			children = (
				3095406C2029D98400F800BB /* james.jpg */,
				3095406D2029D98400F800BB /* kirk.jpg */,
				3095403E2029D89C00F800BB /* AppDelegate.swift */,
				309540402029D89D00F800BB /* ViewController.swift */,
				309540422029D89D00F800BB /* Main.storyboard */,
				309540452029D89D00F800BB /* Assets.xcassets */,
				309540472029D89D00F800BB /* LaunchScreen.storyboard */,
				3095404A2029D89D00F800BB /* Info.plist */,
			);
			path = GestureRecognizer;
			sourceTree = "<group>";
		};
		309540522029D89D00F800BB /* GestureRecognizerTests */ = {
			isa = PBXGroup;
			children = (
				309540532029D89D00F800BB /* GestureRecognizerTests.swift */,
				309540552029D89D00F800BB /* Info.plist */,
			);
			path = GestureRecognizerTests;
			sourceTree = "<group>";
		};
		3095405D2029D89D00F800BB /* GestureRecognizerUITests */ = {
			isa = PBXGroup;
			children = (
				3095405E2029D89D00F800BB /* GestureRecognizerUITests.swift */,
				309540602029D89D00F800BB /* Info.plist */,
			);
			path = GestureRecognizerUITests;
			sourceTree = "<group>";
		};
/* End PBXGroup section */

/* Begin PBXNativeTarget section */
		3095403A2029D89C00F800BB /* GestureRecognizer */ = {
			isa = PBXNativeTarget;
			buildConfigurationList = 309540632029D89D00F800BB /* Build configuration list for PBXNativeTarget "GestureRecognizer" */;
			buildPhases = (
				309540372029D89C00F800BB /* Sources */,
				309540382029D89C00F800BB /* Frameworks */,
				309540392029D89C00F800BB /* Resources */,
			);
			buildRules = (
			);
			dependencies = (
			);
			name = GestureRecognizer;
			productName = GestureRecognizer;
			productReference = 3095403B2029D89C00F800BB /* GestureRecognizer.app */;
			productType = "com.apple.product-type.application";
		};
		3095404E2029D89D00F800BB /* GestureRecognizerTests */ = {
			isa = PBXNativeTarget;
			buildConfigurationList = 309540662029D89D00F800BB /* Build configuration list for PBXNativeTarget "GestureRecognizerTests" */;
			buildPhases = (
				3095404B2029D89D00F800BB /* Sources */,
				3095404C2029D89D00F800BB /* Frameworks */,
				3095404D2029D89D00F800BB /* Resources */,
			);
			buildRules = (
			);
			dependencies = (
				309540512029D89D00F800BB /* PBXTargetDependency */,
			);
			name = GestureRecognizerTests;
			productName = GestureRecognizerTests;
			productReference = 3095404F2029D89D00F800BB /* GestureRecognizerTests.xctest */;
			productType = "com.apple.product-type.bundle.unit-test";
		};
		309540592029D89D00F800BB /* GestureRecognizerUITests */ = {
			isa = PBXNativeTarget;
			buildConfigurationList = 309540692029D89D00F800BB /* Build configuration list for PBXNativeTarget "GestureRecognizerUITests" */;
			buildPhases = (
				309540562029D89D00F800BB /* Sources */,
				309540572029D89D00F800BB /* Frameworks */,
				309540582029D89D00F800BB /* Resources */,
			);
			buildRules = (
			);
			dependencies = (
				3095405C2029D89D00F800BB /* PBXTargetDependency */,
			);
			name = GestureRecognizerUITests;
			productName = GestureRecognizerUITests;
			productReference = 3095405A2029D89D00F800BB /* GestureRecognizerUITests.xctest */;
			productType = "com.apple.product-type.bundle.ui-testing";
		};
/* End PBXNativeTarget section */

/* Begin PBXProject section */
		309540332029D89C00F800BB /* Project object */ = {
			isa = PBXProject;
			attributes = {
				LastSwiftUpdateCheck = 0920;
				LastUpgradeCheck = 0920;
				ORGANIZATIONNAME = "Hakan Akın";
				TargetAttributes = {
					3095403A2029D89C00F800BB = {
						CreatedOnToolsVersion = 9.2;
						ProvisioningStyle = Automatic;
					};
					3095404E2029D89D00F800BB = {
						CreatedOnToolsVersion = 9.2;
						ProvisioningStyle = Automatic;
						TestTargetID = 3095403A2029D89C00F800BB;
					};
					309540592029D89D00F800BB = {
						CreatedOnToolsVersion = 9.2;
						ProvisioningStyle = Automatic;
						TestTargetID = 3095403A2029D89C00F800BB;
					};
				};
			};
			buildConfigurationList = 309540362029D89C00F800BB /* Build configuration list for PBXProject "GestureRecognizer" */;
			compatibilityVersion = "Xcode 8.0";
			developmentRegion = en;
			hasScannedForEncodings = 0;
			knownRegions = (
				en,
				Base,
			);
			mainGroup = 309540322029D89C00F800BB;
			productRefGroup = 3095403C2029D89C00F800BB /* Products */;
			projectDirPath = "";
			projectRoot = "";
			targets = (
				3095403A2029D89C00F800BB /* GestureRecognizer */,
				3095404E2029D89D00F800BB /* GestureRecognizerTests */,
				309540592029D89D00F800BB /* GestureRecognizerUITests */,
			);
		};
/* End PBXProject section */

/* Begin PBXResourcesBuildPhase section */
		309540392029D89C00F800BB /* Resources */ = {
			isa = PBXResourcesBuildPhase;
			buildActionMask = 2147483647;
			files = (
				3095406E2029D98400F800BB /* james.jpg in Resources */,
				3095406F2029D98400F800BB /* kirk.jpg in Resources */,
				309540492029D89D00F800BB /* LaunchScreen.storyboard in Resources */,
				309540462029D89D00F800BB /* Assets.xcassets in Resources */,
				309540442029D89D00F800BB /* Main.storyboard in Resources */,
			);
			runOnlyForDeploymentPostprocessing = 0;
		};
		3095404D2029D89D00F800BB /* Resources */ = {
			isa = PBXResourcesBuildPhase;
			buildActionMask = 2147483647;
			files = (
			);
			runOnlyForDeploymentPostprocessing = 0;
		};
		309540582029D89D00F800BB /* Resources */ = {
			isa = PBXResourcesBuildPhase;
			buildActionMask = 2147483647;
			files = (
			);
			runOnlyForDeploymentPostprocessing = 0;
		};
/* End PBXResourcesBuildPhase section */

/* Begin PBXSourcesBuildPhase section */
		309540372029D89C00F800BB /* Sources */ = {
			isa = PBXSourcesBuildPhase;
			buildActionMask = 2147483647;
			files = (
				309540412029D89D00F800BB /* ViewController.swift in Sources */,
				3095403F2029D89C00F800BB /* AppDelegate.swift in Sources */,
			);
			runOnlyForDeploymentPostprocessing = 0;
		};
		3095404B2029D89D00F800BB /* Sources */ = {
			isa = PBXSourcesBuildPhase;
			buildActionMask = 2147483647;
			files = (
				309540542029D89D00F800BB /* GestureRecognizerTests.swift in Sources */,
			);
			runOnlyForDeploymentPostprocessing = 0;
		};
		309540562029D89D00F800BB /* Sources */ = {
			isa = PBXSourcesBuildPhase;
			buildActionMask = 2147483647;
			files = (
				3095405F2029D89D00F800BB /* GestureRecognizerUITests.swift in Sources */,
			);
			runOnlyForDeploymentPostprocessing = 0;
		};
/* End PBXSourcesBuildPhase section */

/* Begin PBXTargetDependency section */
		309540512029D89D00F800BB /* PBXTargetDependency */ = {
			isa = PBXTargetDependency;
			target = 3095403A2029D89C00F800BB /* GestureRecognizer */;
			targetProxy = 309540502029D89D00F800BB /* PBXContainerItemProxy */;
		};
		3095405C2029D89D00F800BB /* PBXTargetDependency */ = {
			isa = PBXTargetDependency;
			target = 3095403A2029D89C00F800BB /* GestureRecognizer */;
			targetProxy = 3095405B2029D89D00F800BB /* PBXContainerItemProxy */;
		};
/* End PBXTargetDependency section */

/* Begin PBXVariantGroup section */
		309540422029D89D00F800BB /* Main.storyboard */ = {
			isa = PBXVariantGroup;
			children = (
				309540432029D89D00F800BB /* Base */,
			);
			name = Main.storyboard;
			sourceTree = "<group>";
		};
		309540472029D89D00F800BB /* LaunchScreen.storyboard */ = {
			isa = PBXVariantGroup;
			children = (
				309540482029D89D00F800BB /* Base */,
			);
			name = LaunchScreen.storyboard;
			sourceTree = "<group>";
		};
/* End PBXVariantGroup section */

/* Begin XCBuildConfiguration section */
		309540612029D89D00F800BB /* Debug */ = {
			isa = XCBuildConfiguration;
			buildSettings = {
				ALWAYS_SEARCH_USER_PATHS = NO;
				CLANG_ANALYZER_NONNULL = YES;
				CLANG_ANALYZER_NUMBER_OBJECT_CONVERSION = YES_AGGRESSIVE;
				CLANG_CXX_LANGUAGE_STANDARD = "gnu++14";
				CLANG_CXX_LIBRARY = "libc++";
				CLANG_ENABLE_MODULES = YES;
				CLANG_ENABLE_OBJC_ARC = YES;
				CLANG_WARN_BLOCK_CAPTURE_AUTORELEASING = YES;
				CLANG_WARN_BOOL_CONVERSION = YES;
				CLANG_WARN_COMMA = YES;
				CLANG_WARN_CONSTANT_CONVERSION = YES;
				CLANG_WARN_DIRECT_OBJC_ISA_USAGE = YES_ERROR;
				CLANG_WARN_DOCUMENTATION_COMMENTS = YES;
				CLANG_WARN_EMPTY_BODY = YES;
				CLANG_WARN_ENUM_CONVERSION = YES;
				CLANG_WARN_INFINITE_RECURSION = YES;
				CLANG_WARN_INT_CONVERSION = YES;
				CLANG_WARN_NON_LITERAL_NULL_CONVERSION = YES;
				CLANG_WARN_OBJC_LITERAL_CONVERSION = YES;
				CLANG_WARN_OBJC_ROOT_CLASS = YES_ERROR;
				CLANG_WARN_RANGE_LOOP_ANALYSIS = YES;
				CLANG_WARN_STRICT_PROTOTYPES = YES;
				CLANG_WARN_SUSPICIOUS_MOVE = YES;
				CLANG_WARN_UNGUARDED_AVAILABILITY = YES_AGGRESSIVE;
				CLANG_WARN_UNREACHABLE_CODE = YES;
				CLANG_WARN__DUPLICATE_METHOD_MATCH = YES;
				CODE_SIGN_IDENTITY = "iPhone Developer";
				COPY_PHASE_STRIP = NO;
				DEBUG_INFORMATION_FORMAT = dwarf;
				ENABLE_STRICT_OBJC_MSGSEND = YES;
				ENABLE_TESTABILITY = YES;
				GCC_C_LANGUAGE_STANDARD = gnu11;
				GCC_DYNAMIC_NO_PIC = NO;
				GCC_NO_COMMON_BLOCKS = YES;
				GCC_OPTIMIZATION_LEVEL = 0;
				GCC_PREPROCESSOR_DEFINITIONS = (
					"DEBUG=1",
					"$(inherited)",
				);
				GCC_WARN_64_TO_32_BIT_CONVERSION = YES;
				GCC_WARN_ABOUT_RETURN_TYPE = YES_ERROR;
				GCC_WARN_UNDECLARED_SELECTOR = YES;
				GCC_WARN_UNINITIALIZED_AUTOS = YES_AGGRESSIVE;
				GCC_WARN_UNUSED_FUNCTION = YES;
				GCC_WARN_UNUSED_VARIABLE = YES;
				IPHONEOS_DEPLOYMENT_TARGET = 11.2;
				MTL_ENABLE_DEBUG_INFO = YES;
				ONLY_ACTIVE_ARCH = YES;
				SDKROOT = iphoneos;
				SWIFT_ACTIVE_COMPILATION_CONDITIONS = DEBUG;
				SWIFT_OPTIMIZATION_LEVEL = "-Onone";
			};
			name = Debug;
		};
		309540622029D89D00F800BB /* Release */ = {
			isa = XCBuildConfiguration;
			buildSettings = {
				ALWAYS_SEARCH_USER_PATHS = NO;
				CLANG_ANALYZER_NONNULL = YES;
				CLANG_ANALYZER_NUMBER_OBJECT_CONVERSION = YES_AGGRESSIVE;
				CLANG_CXX_LANGUAGE_STANDARD = "gnu++14";
				CLANG_CXX_LIBRARY = "libc++";
				CLANG_ENABLE_MODULES = YES;
				CLANG_ENABLE_OBJC_ARC = YES;
				CLANG_WARN_BLOCK_CAPTURE_AUTORELEASING = YES;
				CLANG_WARN_BOOL_CONVERSION = YES;
				CLANG_WARN_COMMA = YES;
				CLANG_WARN_CONSTANT_CONVERSION = YES;
				CLANG_WARN_DIRECT_OBJC_ISA_USAGE = YES_ERROR;
				CLANG_WARN_DOCUMENTATION_COMMENTS = YES;
				CLANG_WARN_EMPTY_BODY = YES;
				CLANG_WARN_ENUM_CONVERSION = YES;
				CLANG_WARN_INFINITE_RECURSION = YES;
				CLANG_WARN_INT_CONVERSION = YES;
				CLANG_WARN_NON_LITERAL_NULL_CONVERSION = YES;
				CLANG_WARN_OBJC_LITERAL_CONVERSION = YES;
				CLANG_WARN_OBJC_ROOT_CLASS = YES_ERROR;
				CLANG_WARN_RANGE_LOOP_ANALYSIS = YES;
				CLANG_WARN_STRICT_PROTOTYPES = YES;
				CLANG_WARN_SUSPICIOUS_MOVE = YES;
				CLANG_WARN_UNGUARDED_AVAILABILITY = YES_AGGRESSIVE;
				CLANG_WARN_UNREACHABLE_CODE = YES;
				CLANG_WARN__DUPLICATE_METHOD_MATCH = YES;
				CODE_SIGN_IDENTITY = "iPhone Developer";
				COPY_PHASE_STRIP = NO;
				DEBUG_INFORMATION_FORMAT = "dwarf-with-dsym";
				ENABLE_NS_ASSERTIONS = NO;
				ENABLE_STRICT_OBJC_MSGSEND = YES;
				GCC_C_LANGUAGE_STANDARD = gnu11;
				GCC_NO_COMMON_BLOCKS = YES;
				GCC_WARN_64_TO_32_BIT_CONVERSION = YES;
				GCC_WARN_ABOUT_RETURN_TYPE = YES_ERROR;
				GCC_WARN_UNDECLARED_SELECTOR = YES;
				GCC_WARN_UNINITIALIZED_AUTOS = YES_AGGRESSIVE;
				GCC_WARN_UNUSED_FUNCTION = YES;
				GCC_WARN_UNUSED_VARIABLE = YES;
				IPHONEOS_DEPLOYMENT_TARGET = 11.2;
				MTL_ENABLE_DEBUG_INFO = NO;
				SDKROOT = iphoneos;
				SWIFT_OPTIMIZATION_LEVEL = "-Owholemodule";
				VALIDATE_PRODUCT = YES;
			};
			name = Release;
		};
		309540642029D89D00F800BB /* Debug */ = {
			isa = XCBuildConfiguration;
			buildSettings = {
				ASSETCATALOG_COMPILER_APPICON_NAME = AppIcon;
				CODE_SIGN_STYLE = Automatic;
				INFOPLIST_FILE = GestureRecognizer/Info.plist;
				LD_RUNPATH_SEARCH_PATHS = "$(inherited) @executable_path/Frameworks";
				PRODUCT_BUNDLE_IDENTIFIER = hakanakin.GestureRecognizer;
				PRODUCT_NAME = "$(TARGET_NAME)";
				SWIFT_VERSION = 4.0;
				TARGETED_DEVICE_FAMILY = "1,2";
			};
			name = Debug;
		};
		309540652029D89D00F800BB /* Release */ = {
			isa = XCBuildConfiguration;
			buildSettings = {
				ASSETCATALOG_COMPILER_APPICON_NAME = AppIcon;
				CODE_SIGN_STYLE = Automatic;
				INFOPLIST_FILE = GestureRecognizer/Info.plist;
				LD_RUNPATH_SEARCH_PATHS = "$(inherited) @executable_path/Frameworks";
				PRODUCT_BUNDLE_IDENTIFIER = hakanakin.GestureRecognizer;
				PRODUCT_NAME = "$(TARGET_NAME)";
				SWIFT_VERSION = 4.0;
				TARGETED_DEVICE_FAMILY = "1,2";
			};
			name = Release;
		};
		309540672029D89D00F800BB /* Debug */ = {
			isa = XCBuildConfiguration;
			buildSettings = {
				ALWAYS_EMBED_SWIFT_STANDARD_LIBRARIES = YES;
				BUNDLE_LOADER = "$(TEST_HOST)";
				CODE_SIGN_STYLE = Automatic;
				INFOPLIST_FILE = GestureRecognizerTests/Info.plist;
				LD_RUNPATH_SEARCH_PATHS = "$(inherited) @executable_path/Frameworks @loader_path/Frameworks";
				PRODUCT_BUNDLE_IDENTIFIER = hakanakin.GestureRecognizerTests;
				PRODUCT_NAME = "$(TARGET_NAME)";
				SWIFT_VERSION = 4.0;
				TARGETED_DEVICE_FAMILY = "1,2";
				TEST_HOST = "$(BUILT_PRODUCTS_DIR)/GestureRecognizer.app/GestureRecognizer";
			};
			name = Debug;
		};
		309540682029D89D00F800BB /* Release */ = {
			isa = XCBuildConfiguration;
			buildSettings = {
				ALWAYS_EMBED_SWIFT_STANDARD_LIBRARIES = YES;
				BUNDLE_LOADER = "$(TEST_HOST)";
				CODE_SIGN_STYLE = Automatic;
				INFOPLIST_FILE = GestureRecognizerTests/Info.plist;
				LD_RUNPATH_SEARCH_PATHS = "$(inherited) @executable_path/Frameworks @loader_path/Frameworks";
				PRODUCT_BUNDLE_IDENTIFIER = hakanakin.GestureRecognizerTests;
				PRODUCT_NAME = "$(TARGET_NAME)";
				SWIFT_VERSION = 4.0;
				TARGETED_DEVICE_FAMILY = "1,2";
				TEST_HOST = "$(BUILT_PRODUCTS_DIR)/GestureRecognizer.app/GestureRecognizer";
			};
			name = Release;
		};
		3095406A2029D89D00F800BB /* Debug */ = {
			isa = XCBuildConfiguration;
			buildSettings = {
				ALWAYS_EMBED_SWIFT_STANDARD_LIBRARIES = YES;
				CODE_SIGN_STYLE = Automatic;
				INFOPLIST_FILE = GestureRecognizerUITests/Info.plist;
				LD_RUNPATH_SEARCH_PATHS = "$(inherited) @executable_path/Frameworks @loader_path/Frameworks";
				PRODUCT_BUNDLE_IDENTIFIER = hakanakin.GestureRecognizerUITests;
				PRODUCT_NAME = "$(TARGET_NAME)";
				SWIFT_VERSION = 4.0;
				TARGETED_DEVICE_FAMILY = "1,2";
				TEST_TARGET_NAME = GestureRecognizer;
			};
			name = Debug;
		};
		3095406B2029D89D00F800BB /* Release */ = {
			isa = XCBuildConfiguration;
			buildSettings = {
				ALWAYS_EMBED_SWIFT_STANDARD_LIBRARIES = YES;
				CODE_SIGN_STYLE = Automatic;
				INFOPLIST_FILE = GestureRecognizerUITests/Info.plist;
				LD_RUNPATH_SEARCH_PATHS = "$(inherited) @executable_path/Frameworks @loader_path/Frameworks";
				PRODUCT_BUNDLE_IDENTIFIER = hakanakin.GestureRecognizerUITests;
				PRODUCT_NAME = "$(TARGET_NAME)";
				SWIFT_VERSION = 4.0;
				TARGETED_DEVICE_FAMILY = "1,2";
				TEST_TARGET_NAME = GestureRecognizer;
			};
			name = Release;
		};
/* End XCBuildConfiguration section */

/* Begin XCConfigurationList section */
		309540362029D89C00F800BB /* Build configuration list for PBXProject "GestureRecognizer" */ = {
			isa = XCConfigurationList;
			buildConfigurations = (
				309540612029D89D00F800BB /* Debug */,
				309540622029D89D00F800BB /* Release */,
			);
			defaultConfigurationIsVisible = 0;
			defaultConfigurationName = Release;
		};
		309540632029D89D00F800BB /* Build configuration list for PBXNativeTarget "GestureRecognizer" */ = {
			isa = XCConfigurationList;
			buildConfigurations = (
				309540642029D89D00F800BB /* Debug */,
				309540652029D89D00F800BB /* Release */,
			);
			defaultConfigurationIsVisible = 0;
			defaultConfigurationName = Release;
		};
		309540662029D89D00F800BB /* Build configuration list for PBXNativeTarget "GestureRecognizerTests" */ = {
			isa = XCConfigurationList;
			buildConfigurations = (
				309540672029D89D00F800BB /* Debug */,
				309540682029D89D00F800BB /* Release */,
			);
			defaultConfigurationIsVisible = 0;
			defaultConfigurationName = Release;
		};
		309540692029D89D00F800BB /* Build configuration list for PBXNativeTarget "GestureRecognizerUITests" */ = {
			isa = XCConfigurationList;
			buildConfigurations = (
				3095406A2029D89D00F800BB /* Debug */,
				3095406B2029D89D00F800BB /* Release */,
			);
			defaultConfigurationIsVisible = 0;
			defaultConfigurationName = Release;
		};
/* End XCConfigurationList section */
	};
	rootObject = 309540332029D89C00F800BB /* Project object */;
}
