// !$*UTF8*$!
{
	archiveVersion = 1;
	classes = {
	};
	objectVersion = 48;
	objects = {

/* Begin PBXBuildFile section */
		30953FC72029CACC00F800BB /* AppDelegate.swift in Sources */ = {isa = PBXBuildFile; fileRef = 30953FC62029CACC00F800BB /* AppDelegate.swift */; };
		30953FC92029CACC00F800BB /* ViewController.swift in Sources */ = {isa = PBXBuildFile; fileRef = 30953FC82029CACC00F800BB /* ViewController.swift */; };
		30953FCC2029CACC00F800BB /* Main.storyboard in Resources */ = {isa = PBXBuildFile; fileRef = 30953FCA2029CACC00F800BB /* Main.storyboard */; };
		30953FCE2029CACC00F800BB /* Assets.xcassets in Resources */ = {isa = PBXBuildFile; fileRef = 30953FCD2029CACC00F800BB /* Assets.xcassets */; };
		30953FD12029CACC00F800BB /* LaunchScreen.storyboard in Resources */ = {isa = PBXBuildFile; fileRef = 30953FCF2029CACC00F800BB /* LaunchScreen.storyboard */; };
		30953FDC2029CACC00F800BB /* AlertProjectTests.swift in Sources */ = {isa = PBXBuildFile; fileRef = 30953FDB2029CACC00F800BB /* AlertProjectTests.swift */; };
		30953FE72029CACC00F800BB /* AlertProjectUITests.swift in Sources */ = {isa = PBXBuildFile; fileRef = 30953FE62029CACC00F800BB /* AlertProjectUITests.swift */; };
/* End PBXBuildFile section */

/* Begin PBXContainerItemProxy section */
		30953FD82029CACC00F800BB /* PBXContainerItemProxy */ = {
			isa = PBXContainerItemProxy;
			containerPortal = 30953FBB2029CACC00F800BB /* Project object */;
			proxyType = 1;
			remoteGlobalIDString = 30953FC22029CACC00F800BB;
			remoteInfo = AlertProject;
		};
		30953FE32029CACC00F800BB /* PBXContainerItemProxy */ = {
			isa = PBXContainerItemProxy;
			containerPortal = 30953FBB2029CACC00F800BB /* Project object */;
			proxyType = 1;
			remoteGlobalIDString = 30953FC22029CACC00F800BB;
			remoteInfo = AlertProject;
		};
/* End PBXContainerItemProxy section */

/* Begin PBXFileReference section */
		30953FC32029CACC00F800BB /* AlertProject.app */ = {isa = PBXFileReference; explicitFileType = wrapper.application; includeInIndex = 0; path = AlertProject.app; sourceTree = BUILT_PRODUCTS_DIR; };
		30953FC62029CACC00F800BB /* AppDelegate.swift */ = {isa = PBXFileReference; lastKnownFileType = sourcecode.swift; path = AppDelegate.swift; sourceTree = "<group>"; };
		30953FC82029CACC00F800BB /* ViewController.swift */ = {isa = PBXFileReference; lastKnownFileType = sourcecode.swift; path = ViewController.swift; sourceTree = "<group>"; };
		30953FCB2029CACC00F800BB /* Base */ = {isa = PBXFileReference; lastKnownFileType = file.storyboard; name = Base; path = Base.lproj/Main.storyboard; sourceTree = "<group>"; };
		30953FCD2029CACC00F800BB /* Assets.xcassets */ = {isa = PBXFileReference; lastKnownFileType = folder.assetcatalog; path = Assets.xcassets; sourceTree = "<group>"; };
		30953FD02029CACC00F800BB /* Base */ = {isa = PBXFileReference; lastKnownFileType = file.storyboard; name = Base; path = Base.lproj/LaunchScreen.storyboard; sourceTree = "<group>"; };
		30953FD22029CACC00F800BB /* Info.plist */ = {isa = PBXFileReference; lastKnownFileType = text.plist.xml; path = Info.plist; sourceTree = "<group>"; };
		30953FD72029CACC00F800BB /* AlertProjectTests.xctest */ = {isa = PBXFileReference; explicitFileType = wrapper.cfbundle; includeInIndex = 0; path = AlertProjectTests.xctest; sourceTree = BUILT_PRODUCTS_DIR; };
		30953FDB2029CACC00F800BB /* AlertProjectTests.swift */ = {isa = PBXFileReference; lastKnownFileType = sourcecode.swift; path = AlertProjectTests.swift; sourceTree = "<group>"; };
		30953FDD2029CACC00F800BB /* Info.plist */ = {isa = PBXFileReference; lastKnownFileType = text.plist.xml; path = Info.plist; sourceTree = "<group>"; };
		30953FE22029CACC00F800BB /* AlertProjectUITests.xctest */ = {isa = PBXFileReference; explicitFileType = wrapper.cfbundle; includeInIndex = 0; path = AlertProjectUITests.xctest; sourceTree = BUILT_PRODUCTS_DIR; };
		30953FE62029CACC00F800BB /* AlertProjectUITests.swift */ = {isa = PBXFileReference; lastKnownFileType = sourcecode.swift; path = AlertProjectUITests.swift; sourceTree = "<group>"; };
		30953FE82029CACC00F800BB /* Info.plist */ = {isa = PBXFileReference; lastKnownFileType = text.plist.xml; path = Info.plist; sourceTree = "<group>"; };
/* End PBXFileReference section */

/* Begin PBXFrameworksBuildPhase section */
		30953FC02029CACC00F800BB /* Frameworks */ = {
			isa = PBXFrameworksBuildPhase;
			buildActionMask = 2147483647;
			files = (
			);
			runOnlyForDeploymentPostprocessing = 0;
		};
		30953FD42029CACC00F800BB /* Frameworks */ = {
			isa = PBXFrameworksBuildPhase;
			buildActionMask = 2147483647;
			files = (
			);
			runOnlyForDeploymentPostprocessing = 0;
		};
		30953FDF2029CACC00F800BB /* Frameworks */ = {
			isa = PBXFrameworksBuildPhase;
			buildActionMask = 2147483647;
			files = (
			);
			runOnlyForDeploymentPostprocessing = 0;
		};
/* End PBXFrameworksBuildPhase section */

/* Begin PBXGroup section */
		30953FBA2029CACC00F800BB = {
			isa = PBXGroup;
			children = (
				30953FC52029CACC00F800BB /* AlertProject */,
				30953FDA2029CACC00F800BB /* AlertProjectTests */,
				30953FE52029CACC00F800BB /* AlertProjectUITests */,
				30953FC42029CACC00F800BB /* Products */,
			);
			sourceTree = "<group>";
		};
		30953FC42029CACC00F800BB /* Products */ = {
			isa = PBXGroup;
			children = (
				30953FC32029CACC00F800BB /* AlertProject.app */,
				30953FD72029CACC00F800BB /* AlertProjectTests.xctest */,
				30953FE22029CACC00F800BB /* AlertProjectUITests.xctest */,
			);
			name = Products;
			sourceTree = "<group>";
		};
		30953FC52029CACC00F800BB /* AlertProject */ = {
			isa = PBXGroup;
			children = (
				30953FC62029CACC00F800BB /* AppDelegate.swift */,
				30953FC82029CACC00F800BB /* ViewController.swift */,
				30953FCA2029CACC00F800BB /* Main.storyboard */,
				30953FCD2029CACC00F800BB /* Assets.xcassets */,
				30953FCF2029CACC00F800BB /* LaunchScreen.storyboard */,
				30953FD22029CACC00F800BB /* Info.plist */,
			);
			path = AlertProject;
			sourceTree = "<group>";
		};
		30953FDA2029CACC00F800BB /* AlertProjectTests */ = {
			isa = PBXGroup;
			children = (
				30953FDB2029CACC00F800BB /* AlertProjectTests.swift */,
				30953FDD2029CACC00F800BB /* Info.plist */,
			);
			path = AlertProjectTests;
			sourceTree = "<group>";
		};
		30953FE52029CACC00F800BB /* AlertProjectUITests */ = {
			isa = PBXGroup;
			children = (
				30953FE62029CACC00F800BB /* AlertProjectUITests.swift */,
				30953FE82029CACC00F800BB /* Info.plist */,
			);
			path = AlertProjectUITests;
			sourceTree = "<group>";
		};
/* End PBXGroup section */

/* Begin PBXNativeTarget section */
		30953FC22029CACC00F800BB /* AlertProject */ = {
			isa = PBXNativeTarget;
			buildConfigurationList = 30953FEB2029CACC00F800BB /* Build configuration list for PBXNativeTarget "AlertProject" */;
			buildPhases = (
				30953FBF2029CACC00F800BB /* Sources */,
				30953FC02029CACC00F800BB /* Frameworks */,
				30953FC12029CACC00F800BB /* Resources */,
			);
			buildRules = (
			);
			dependencies = (
			);
			name = AlertProject;
			productName = AlertProject;
			productReference = 30953FC32029CACC00F800BB /* AlertProject.app */;
			productType = "com.apple.product-type.application";
		};
		30953FD62029CACC00F800BB /* AlertProjectTests */ = {
			isa = PBXNativeTarget;
			buildConfigurationList = 30953FEE2029CACC00F800BB /* Build configuration list for PBXNativeTarget "AlertProjectTests" */;
			buildPhases = (
				30953FD32029CACC00F800BB /* Sources */,
				30953FD42029CACC00F800BB /* Frameworks */,
				30953FD52029CACC00F800BB /* Resources */,
			);
			buildRules = (
			);
			dependencies = (
				30953FD92029CACC00F800BB /* PBXTargetDependency */,
			);
			name = AlertProjectTests;
			productName = AlertProjectTests;
			productReference = 30953FD72029CACC00F800BB /* AlertProjectTests.xctest */;
			productType = "com.apple.product-type.bundle.unit-test";
		};
		30953FE12029CACC00F800BB /* AlertProjectUITests */ = {
			isa = PBXNativeTarget;
			buildConfigurationList = 30953FF12029CACC00F800BB /* Build configuration list for PBXNativeTarget "AlertProjectUITests" */;
			buildPhases = (
				30953FDE2029CACC00F800BB /* Sources */,
				30953FDF2029CACC00F800BB /* Frameworks */,
				30953FE02029CACC00F800BB /* Resources */,
			);
			buildRules = (
			);
			dependencies = (
				30953FE42029CACC00F800BB /* PBXTargetDependency */,
			);
			name = AlertProjectUITests;
			productName = AlertProjectUITests;
			productReference = 30953FE22029CACC00F800BB /* AlertProjectUITests.xctest */;
			productType = "com.apple.product-type.bundle.ui-testing";
		};
/* End PBXNativeTarget section */

/* Begin PBXProject section */
		30953FBB2029CACC00F800BB /* Project object */ = {
			isa = PBXProject;
			attributes = {
				LastSwiftUpdateCheck = 0920;
				LastUpgradeCheck = 0920;
				ORGANIZATIONNAME = "Hakan Akın";
				TargetAttributes = {
					30953FC22029CACC00F800BB = {
						CreatedOnToolsVersion = 9.2;
						ProvisioningStyle = Automatic;
					};
					30953FD62029CACC00F800BB = {
						CreatedOnToolsVersion = 9.2;
						ProvisioningStyle = Automatic;
						TestTargetID = 30953FC22029CACC00F800BB;
					};
					30953FE12029CACC00F800BB = {
						CreatedOnToolsVersion = 9.2;
						ProvisioningStyle = Automatic;
						TestTargetID = 30953FC22029CACC00F800BB;
					};
				};
			};
			buildConfigurationList = 30953FBE2029CACC00F800BB /* Build configuration list for PBXProject "AlertProject" */;
			compatibilityVersion = "Xcode 8.0";
			developmentRegion = en;
			hasScannedForEncodings = 0;
			knownRegions = (
				en,
				Base,
			);
			mainGroup = 30953FBA2029CACC00F800BB;
			productRefGroup = 30953FC42029CACC00F800BB /* Products */;
			projectDirPath = "";
			projectRoot = "";
			targets = (
				30953FC22029CACC00F800BB /* AlertProject */,
				30953FD62029CACC00F800BB /* AlertProjectTests */,
				30953FE12029CACC00F800BB /* AlertProjectUITests */,
			);
		};
/* End PBXProject section */

/* Begin PBXResourcesBuildPhase section */
		30953FC12029CACC00F800BB /* Resources */ = {
			isa = PBXResourcesBuildPhase;
			buildActionMask = 2147483647;
			files = (
				30953FD12029CACC00F800BB /* LaunchScreen.storyboard in Resources */,
				30953FCE2029CACC00F800BB /* Assets.xcassets in Resources */,
				30953FCC2029CACC00F800BB /* Main.storyboard in Resources */,
			);
			runOnlyForDeploymentPostprocessing = 0;
		};
		30953FD52029CACC00F800BB /* Resources */ = {
			isa = PBXResourcesBuildPhase;
			buildActionMask = 2147483647;
			files = (
			);
			runOnlyForDeploymentPostprocessing = 0;
		};
		30953FE02029CACC00F800BB /* Resources */ = {
			isa = PBXResourcesBuildPhase;
			buildActionMask = 2147483647;
			files = (
			);
			runOnlyForDeploymentPostprocessing = 0;
		};
/* End PBXResourcesBuildPhase section */

/* Begin PBXSourcesBuildPhase section */
		30953FBF2029CACC00F800BB /* Sources */ = {
			isa = PBXSourcesBuildPhase;
			buildActionMask = 2147483647;
			files = (
				30953FC92029CACC00F800BB /* ViewController.swift in Sources */,
				30953FC72029CACC00F800BB /* AppDelegate.swift in Sources */,
			);
			runOnlyForDeploymentPostprocessing = 0;
		};
		30953FD32029CACC00F800BB /* Sources */ = {
			isa = PBXSourcesBuildPhase;
			buildActionMask = 2147483647;
			files = (
				30953FDC2029CACC00F800BB /* AlertProjectTests.swift in Sources */,
			);
			runOnlyForDeploymentPostprocessing = 0;
		};
		30953FDE2029CACC00F800BB /* Sources */ = {
			isa = PBXSourcesBuildPhase;
			buildActionMask = 2147483647;
			files = (
				30953FE72029CACC00F800BB /* AlertProjectUITests.swift in Sources */,
			);
			runOnlyForDeploymentPostprocessing = 0;
		};
/* End PBXSourcesBuildPhase section */

/* Begin PBXTargetDependency section */
		30953FD92029CACC00F800BB /* PBXTargetDependency */ = {
			isa = PBXTargetDependency;
			target = 30953FC22029CACC00F800BB /* AlertProject */;
			targetProxy = 30953FD82029CACC00F800BB /* PBXContainerItemProxy */;
		};
		30953FE42029CACC00F800BB /* PBXTargetDependency */ = {
			isa = PBXTargetDependency;
			target = 30953FC22029CACC00F800BB /* AlertProject */;
			targetProxy = 30953FE32029CACC00F800BB /* PBXContainerItemProxy */;
		};
/* End PBXTargetDependency section */

/* Begin PBXVariantGroup section */
		30953FCA2029CACC00F800BB /* Main.storyboard */ = {
			isa = PBXVariantGroup;
			children = (
				30953FCB2029CACC00F800BB /* Base */,
			);
			name = Main.storyboard;
			sourceTree = "<group>";
		};
		30953FCF2029CACC00F800BB /* LaunchScreen.storyboard */ = {
			isa = PBXVariantGroup;
			children = (
				30953FD02029CACC00F800BB /* Base */,
			);
			name = LaunchScreen.storyboard;
			sourceTree = "<group>";
		};
/* End PBXVariantGroup section */

/* Begin XCBuildConfiguration section */
		30953FE92029CACC00F800BB /* Debug */ = {
			isa = XCBuildConfiguration;
			buildSettings = {
				ALWAYS_SEARCH_USER_PATHS = NO;
				CLANG_ANALYZER_NONNULL = YES;
				CLANG_ANALYZER_NUMBER_OBJECT_CONVERSION = YES_AGGRESSIVE;
				CLANG_CXX_LANGUAGE_STANDARD = "gnu++14";
				CLANG_CXX_LIBRARY = "libc++";
				CLANG_ENABLE_MODULES = YES;
				CLANG_ENABLE_OBJC_ARC = YES;
				CLANG_WARN_BLOCK_CAPTURE_AUTORELEASING = YES;
				CLANG_WARN_BOOL_CONVERSION = YES;
				CLANG_WARN_COMMA = YES;
				CLANG_WARN_CONSTANT_CONVERSION = YES;
				CLANG_WARN_DIRECT_OBJC_ISA_USAGE = YES_ERROR;
				CLANG_WARN_DOCUMENTATION_COMMENTS = YES;
				CLANG_WARN_EMPTY_BODY = YES;
				CLANG_WARN_ENUM_CONVERSION = YES;
				CLANG_WARN_INFINITE_RECURSION = YES;
				CLANG_WARN_INT_CONVERSION = YES;
				CLANG_WARN_NON_LITERAL_NULL_CONVERSION = YES;
				CLANG_WARN_OBJC_LITERAL_CONVERSION = YES;
				CLANG_WARN_OBJC_ROOT_CLASS = YES_ERROR;
				CLANG_WARN_RANGE_LOOP_ANALYSIS = YES;
				CLANG_WARN_STRICT_PROTOTYPES = YES;
				CLANG_WARN_SUSPICIOUS_MOVE = YES;
				CLANG_WARN_UNGUARDED_AVAILABILITY = YES_AGGRESSIVE;
				CLANG_WARN_UNREACHABLE_CODE = YES;
				CLANG_WARN__DUPLICATE_METHOD_MATCH = YES;
				CODE_SIGN_IDENTITY = "iPhone Developer";
				COPY_PHASE_STRIP = NO;
				DEBUG_INFORMATION_FORMAT = dwarf;
				ENABLE_STRICT_OBJC_MSGSEND = YES;
				ENABLE_TESTABILITY = YES;
				GCC_C_LANGUAGE_STANDARD = gnu11;
				GCC_DYNAMIC_NO_PIC = NO;
				GCC_NO_COMMON_BLOCKS = YES;
				GCC_OPTIMIZATION_LEVEL = 0;
				GCC_PREPROCESSOR_DEFINITIONS = (
					"DEBUG=1",
					"$(inherited)",
				);
				GCC_WARN_64_TO_32_BIT_CONVERSION = YES;
				GCC_WARN_ABOUT_RETURN_TYPE = YES_ERROR;
				GCC_WARN_UNDECLARED_SELECTOR = YES;
				GCC_WARN_UNINITIALIZED_AUTOS = YES_AGGRESSIVE;
				GCC_WARN_UNUSED_FUNCTION = YES;
				GCC_WARN_UNUSED_VARIABLE = YES;
				IPHONEOS_DEPLOYMENT_TARGET = 11.2;
				MTL_ENABLE_DEBUG_INFO = YES;
				ONLY_ACTIVE_ARCH = YES;
				SDKROOT = iphoneos;
				SWIFT_ACTIVE_COMPILATION_CONDITIONS = DEBUG;
				SWIFT_OPTIMIZATION_LEVEL = "-Onone";
			};
			name = Debug;
		};
		30953FEA2029CACC00F800BB /* Release */ = {
			isa = XCBuildConfiguration;
			buildSettings = {
				ALWAYS_SEARCH_USER_PATHS = NO;
				CLANG_ANALYZER_NONNULL = YES;
				CLANG_ANALYZER_NUMBER_OBJECT_CONVERSION = YES_AGGRESSIVE;
				CLANG_CXX_LANGUAGE_STANDARD = "gnu++14";
				CLANG_CXX_LIBRARY = "libc++";
				CLANG_ENABLE_MODULES = YES;
				CLANG_ENABLE_OBJC_ARC = YES;
				CLANG_WARN_BLOCK_CAPTURE_AUTORELEASING = YES;
				CLANG_WARN_BOOL_CONVERSION = YES;
				CLANG_WARN_COMMA = YES;
				CLANG_WARN_CONSTANT_CONVERSION = YES;
				CLANG_WARN_DIRECT_OBJC_ISA_USAGE = YES_ERROR;
				CLANG_WARN_DOCUMENTATION_COMMENTS = YES;
				CLANG_WARN_EMPTY_BODY = YES;
				CLANG_WARN_ENUM_CONVERSION = YES;
				CLANG_WARN_INFINITE_RECURSION = YES;
				CLANG_WARN_INT_CONVERSION = YES;
				CLANG_WARN_NON_LITERAL_NULL_CONVERSION = YES;
				CLANG_WARN_OBJC_LITERAL_CONVERSION = YES;
				CLANG_WARN_OBJC_ROOT_CLASS = YES_ERROR;
				CLANG_WARN_RANGE_LOOP_ANALYSIS = YES;
				CLANG_WARN_STRICT_PROTOTYPES = YES;
				CLANG_WARN_SUSPICIOUS_MOVE = YES;
				CLANG_WARN_UNGUARDED_AVAILABILITY = YES_AGGRESSIVE;
				CLANG_WARN_UNREACHABLE_CODE = YES;
				CLANG_WARN__DUPLICATE_METHOD_MATCH = YES;
				CODE_SIGN_IDENTITY = "iPhone Developer";
				COPY_PHASE_STRIP = NO;
				DEBUG_INFORMATION_FORMAT = "dwarf-with-dsym";
				ENABLE_NS_ASSERTIONS = NO;
				ENABLE_STRICT_OBJC_MSGSEND = YES;
				GCC_C_LANGUAGE_STANDARD = gnu11;
				GCC_NO_COMMON_BLOCKS = YES;
				GCC_WARN_64_TO_32_BIT_CONVERSION = YES;
				GCC_WARN_ABOUT_RETURN_TYPE = YES_ERROR;
				GCC_WARN_UNDECLARED_SELECTOR = YES;
				GCC_WARN_UNINITIALIZED_AUTOS = YES_AGGRESSIVE;
				GCC_WARN_UNUSED_FUNCTION = YES;
				GCC_WARN_UNUSED_VARIABLE = YES;
				IPHONEOS_DEPLOYMENT_TARGET = 11.2;
				MTL_ENABLE_DEBUG_INFO = NO;
				SDKROOT = iphoneos;
				SWIFT_OPTIMIZATION_LEVEL = "-Owholemodule";
				VALIDATE_PRODUCT = YES;
			};
			name = Release;
		};
		30953FEC2029CACC00F800BB /* Debug */ = {
			isa = XCBuildConfiguration;
			buildSettings = {
				ASSETCATALOG_COMPILER_APPICON_NAME = AppIcon;
				CODE_SIGN_STYLE = Automatic;
				INFOPLIST_FILE = AlertProject/Info.plist;
				LD_RUNPATH_SEARCH_PATHS = "$(inherited) @executable_path/Frameworks";
				PRODUCT_BUNDLE_IDENTIFIER = hakanakin.AlertProject;
				PRODUCT_NAME = "$(TARGET_NAME)";
				SWIFT_VERSION = 4.0;
				TARGETED_DEVICE_FAMILY = "1,2";
			};
			name = Debug;
		};
		30953FED2029CACC00F800BB /* Release */ = {
			isa = XCBuildConfiguration;
			buildSettings = {
				ASSETCATALOG_COMPILER_APPICON_NAME = AppIcon;
				CODE_SIGN_STYLE = Automatic;
				INFOPLIST_FILE = AlertProject/Info.plist;
				LD_RUNPATH_SEARCH_PATHS = "$(inherited) @executable_path/Frameworks";
				PRODUCT_BUNDLE_IDENTIFIER = hakanakin.AlertProject;
				PRODUCT_NAME = "$(TARGET_NAME)";
				SWIFT_VERSION = 4.0;
				TARGETED_DEVICE_FAMILY = "1,2";
			};
			name = Release;
		};
		30953FEF2029CACC00F800BB /* Debug */ = {
			isa = XCBuildConfiguration;
			buildSettings = {
				ALWAYS_EMBED_SWIFT_STANDARD_LIBRARIES = YES;
				BUNDLE_LOADER = "$(TEST_HOST)";
				CODE_SIGN_STYLE = Automatic;
				INFOPLIST_FILE = AlertProjectTests/Info.plist;
				LD_RUNPATH_SEARCH_PATHS = "$(inherited) @executable_path/Frameworks @loader_path/Frameworks";
				PRODUCT_BUNDLE_IDENTIFIER = hakanakin.AlertProjectTests;
				PRODUCT_NAME = "$(TARGET_NAME)";
				SWIFT_VERSION = 4.0;
				TARGETED_DEVICE_FAMILY = "1,2";
				TEST_HOST = "$(BUILT_PRODUCTS_DIR)/AlertProject.app/AlertProject";
			};
			name = Debug;
		};
		30953FF02029CACC00F800BB /* Release */ = {
			isa = XCBuildConfiguration;
			buildSettings = {
				ALWAYS_EMBED_SWIFT_STANDARD_LIBRARIES = YES;
				BUNDLE_LOADER = "$(TEST_HOST)";
				CODE_SIGN_STYLE = Automatic;
				INFOPLIST_FILE = AlertProjectTests/Info.plist;
				LD_RUNPATH_SEARCH_PATHS = "$(inherited) @executable_path/Frameworks @loader_path/Frameworks";
				PRODUCT_BUNDLE_IDENTIFIER = hakanakin.AlertProjectTests;
				PRODUCT_NAME = "$(TARGET_NAME)";
				SWIFT_VERSION = 4.0;
				TARGETED_DEVICE_FAMILY = "1,2";
				TEST_HOST = "$(BUILT_PRODUCTS_DIR)/AlertProject.app/AlertProject";
			};
			name = Release;
		};
		30953FF22029CACC00F800BB /* Debug */ = {
			isa = XCBuildConfiguration;
			buildSettings = {
				ALWAYS_EMBED_SWIFT_STANDARD_LIBRARIES = YES;
				CODE_SIGN_STYLE = Automatic;
				INFOPLIST_FILE = AlertProjectUITests/Info.plist;
				LD_RUNPATH_SEARCH_PATHS = "$(inherited) @executable_path/Frameworks @loader_path/Frameworks";
				PRODUCT_BUNDLE_IDENTIFIER = hakanakin.AlertProjectUITests;
				PRODUCT_NAME = "$(TARGET_NAME)";
				SWIFT_VERSION = 4.0;
				TARGETED_DEVICE_FAMILY = "1,2";
				TEST_TARGET_NAME = AlertProject;
			};
			name = Debug;
		};
		30953FF32029CACC00F800BB /* Release */ = {
			isa = XCBuildConfiguration;
			buildSettings = {
				ALWAYS_EMBED_SWIFT_STANDARD_LIBRARIES = YES;
				CODE_SIGN_STYLE = Automatic;
				INFOPLIST_FILE = AlertProjectUITests/Info.plist;
				LD_RUNPATH_SEARCH_PATHS = "$(inherited) @executable_path/Frameworks @loader_path/Frameworks";
				PRODUCT_BUNDLE_IDENTIFIER = hakanakin.AlertProjectUITests;
				PRODUCT_NAME = "$(TARGET_NAME)";
				SWIFT_VERSION = 4.0;
				TARGETED_DEVICE_FAMILY = "1,2";
				TEST_TARGET_NAME = AlertProject;
			};
			name = Release;
		};
/* End XCBuildConfiguration section */

/* Begin XCConfigurationList section */
		30953FBE2029CACC00F800BB /* Build configuration list for PBXProject "AlertProject" */ = {
			isa = XCConfigurationList;
			buildConfigurations = (
				30953FE92029CACC00F800BB /* Debug */,
				30953FEA2029CACC00F800BB /* Release */,
			);
			defaultConfigurationIsVisible = 0;
			defaultConfigurationName = Release;
		};
		30953FEB2029CACC00F800BB /* Build configuration list for PBXNativeTarget "AlertProject" */ = {
			isa = XCConfigurationList;
			buildConfigurations = (
				30953FEC2029CACC00F800BB /* Debug */,
				30953FED2029CACC00F800BB /* Release */,
			);
			defaultConfigurationIsVisible = 0;
			defaultConfigurationName = Release;
		};
		30953FEE2029CACC00F800BB /* Build configuration list for PBXNativeTarget "AlertProjectTests" */ = {
			isa = XCConfigurationList;
			buildConfigurations = (
				30953FEF2029CACC00F800BB /* Debug */,
				30953FF02029CACC00F800BB /* Release */,
			);
			defaultConfigurationIsVisible = 0;
			defaultConfigurationName = Release;
		};
		30953FF12029CACC00F800BB /* Build configuration list for PBXNativeTarget "AlertProjectUITests" */ = {
			isa = XCConfigurationList;
			buildConfigurations = (
				30953FF22029CACC00F800BB /* Debug */,
				30953FF32029CACC00F800BB /* Release */,
			);
			defaultConfigurationIsVisible = 0;
			defaultConfigurationName = Release;
		};
/* End XCConfigurationList section */
	};
	rootObject = 30953FBB2029CACC00F800BB /* Project object */;
}
