// !$*UTF8*$!
{
	archiveVersion = 1;
	classes = {
	};
	objectVersion = 48;
	objects = {

/* Begin PBXBuildFile section */
		30953F882029BBEA00F800BB /* AppDelegate.swift in Sources */ = {isa = PBXBuildFile; fileRef = 30953F872029BBEA00F800BB /* AppDelegate.swift */; };
		30953F8A2029BBEA00F800BB /* ViewController.swift in Sources */ = {isa = PBXBuildFile; fileRef = 30953F892029BBEA00F800BB /* ViewController.swift */; };
		30953F8D2029BBEA00F800BB /* Main.storyboard in Resources */ = {isa = PBXBuildFile; fileRef = 30953F8B2029BBEA00F800BB /* Main.storyboard */; };
		30953F8F2029BBEA00F800BB /* Assets.xcassets in Resources */ = {isa = PBXBuildFile; fileRef = 30953F8E2029BBEA00F800BB /* Assets.xcassets */; };
		30953F922029BBEA00F800BB /* LaunchScreen.storyboard in Resources */ = {isa = PBXBuildFile; fileRef = 30953F902029BBEA00F800BB /* LaunchScreen.storyboard */; };
		30953F9D2029BBEA00F800BB /* SeguesTests.swift in Sources */ = {isa = PBXBuildFile; fileRef = 30953F9C2029BBEA00F800BB /* SeguesTests.swift */; };
		30953FA82029BBEA00F800BB /* SeguesUITests.swift in Sources */ = {isa = PBXBuildFile; fileRef = 30953FA72029BBEA00F800BB /* SeguesUITests.swift */; };
		30953FB92029BE9800F800BB /* SecondViewController.swift in Sources */ = {isa = PBXBuildFile; fileRef = 30953FB82029BE9800F800BB /* SecondViewController.swift */; };
/* End PBXBuildFile section */

/* Begin PBXContainerItemProxy section */
		30953F992029BBEA00F800BB /* PBXContainerItemProxy */ = {
			isa = PBXContainerItemProxy;
			containerPortal = 30953F7C2029BBEA00F800BB /* Project object */;
			proxyType = 1;
			remoteGlobalIDString = 30953F832029BBEA00F800BB;
			remoteInfo = Segues;
		};
		30953FA42029BBEA00F800BB /* PBXContainerItemProxy */ = {
			isa = PBXContainerItemProxy;
			containerPortal = 30953F7C2029BBEA00F800BB /* Project object */;
			proxyType = 1;
			remoteGlobalIDString = 30953F832029BBEA00F800BB;
			remoteInfo = Segues;
		};
/* End PBXContainerItemProxy section */

/* Begin PBXFileReference section */
		30953F842029BBEA00F800BB /* Segues.app */ = {isa = PBXFileReference; explicitFileType = wrapper.application; includeInIndex = 0; path = Segues.app; sourceTree = BUILT_PRODUCTS_DIR; };
		30953F872029BBEA00F800BB /* AppDelegate.swift */ = {isa = PBXFileReference; lastKnownFileType = sourcecode.swift; path = AppDelegate.swift; sourceTree = "<group>"; };
		30953F892029BBEA00F800BB /* ViewController.swift */ = {isa = PBXFileReference; lastKnownFileType = sourcecode.swift; path = ViewController.swift; sourceTree = "<group>"; };
		30953F8C2029BBEA00F800BB /* Base */ = {isa = PBXFileReference; lastKnownFileType = file.storyboard; name = Base; path = Base.lproj/Main.storyboard; sourceTree = "<group>"; };
		30953F8E2029BBEA00F800BB /* Assets.xcassets */ = {isa = PBXFileReference; lastKnownFileType = folder.assetcatalog; path = Assets.xcassets; sourceTree = "<group>"; };
		30953F912029BBEA00F800BB /* Base */ = {isa = PBXFileReference; lastKnownFileType = file.storyboard; name = Base; path = Base.lproj/LaunchScreen.storyboard; sourceTree = "<group>"; };
		30953F932029BBEA00F800BB /* Info.plist */ = {isa = PBXFileReference; lastKnownFileType = text.plist.xml; path = Info.plist; sourceTree = "<group>"; };
		30953F982029BBEA00F800BB /* SeguesTests.xctest */ = {isa = PBXFileReference; explicitFileType = wrapper.cfbundle; includeInIndex = 0; path = SeguesTests.xctest; sourceTree = BUILT_PRODUCTS_DIR; };
		30953F9C2029BBEA00F800BB /* SeguesTests.swift */ = {isa = PBXFileReference; lastKnownFileType = sourcecode.swift; path = SeguesTests.swift; sourceTree = "<group>"; };
		30953F9E2029BBEA00F800BB /* Info.plist */ = {isa = PBXFileReference; lastKnownFileType = text.plist.xml; path = Info.plist; sourceTree = "<group>"; };
		30953FA32029BBEA00F800BB /* SeguesUITests.xctest */ = {isa = PBXFileReference; explicitFileType = wrapper.cfbundle; includeInIndex = 0; path = SeguesUITests.xctest; sourceTree = BUILT_PRODUCTS_DIR; };
		30953FA72029BBEA00F800BB /* SeguesUITests.swift */ = {isa = PBXFileReference; lastKnownFileType = sourcecode.swift; path = SeguesUITests.swift; sourceTree = "<group>"; };
		30953FA92029BBEA00F800BB /* Info.plist */ = {isa = PBXFileReference; lastKnownFileType = text.plist.xml; path = Info.plist; sourceTree = "<group>"; };
		30953FB82029BE9800F800BB /* SecondViewController.swift */ = {isa = PBXFileReference; lastKnownFileType = sourcecode.swift; path = SecondViewController.swift; sourceTree = "<group>"; };
/* End PBXFileReference section */

/* Begin PBXFrameworksBuildPhase section */
		30953F812029BBEA00F800BB /* Frameworks */ = {
			isa = PBXFrameworksBuildPhase;
			buildActionMask = 2147483647;
			files = (
			);
			runOnlyForDeploymentPostprocessing = 0;
		};
		30953F952029BBEA00F800BB /* Frameworks */ = {
			isa = PBXFrameworksBuildPhase;
			buildActionMask = 2147483647;
			files = (
			);
			runOnlyForDeploymentPostprocessing = 0;
		};
		30953FA02029BBEA00F800BB /* Frameworks */ = {
			isa = PBXFrameworksBuildPhase;
			buildActionMask = 2147483647;
			files = (
			);
			runOnlyForDeploymentPostprocessing = 0;
		};
/* End PBXFrameworksBuildPhase section */

/* Begin PBXGroup section */
		30953F7B2029BBEA00F800BB = {
			isa = PBXGroup;
			children = (
				30953F862029BBEA00F800BB /* Segues */,
				30953F9B2029BBEA00F800BB /* SeguesTests */,
				30953FA62029BBEA00F800BB /* SeguesUITests */,
				30953F852029BBEA00F800BB /* Products */,
			);
			sourceTree = "<group>";
		};
		30953F852029BBEA00F800BB /* Products */ = {
			isa = PBXGroup;
			children = (
				30953F842029BBEA00F800BB /* Segues.app */,
				30953F982029BBEA00F800BB /* SeguesTests.xctest */,
				30953FA32029BBEA00F800BB /* SeguesUITests.xctest */,
			);
			name = Products;
			sourceTree = "<group>";
		};
		30953F862029BBEA00F800BB /* Segues */ = {
			isa = PBXGroup;
			children = (
				30953F872029BBEA00F800BB /* AppDelegate.swift */,
				30953F892029BBEA00F800BB /* ViewController.swift */,
				30953F8E2029BBEA00F800BB /* Assets.xcassets */,
				30953F8B2029BBEA00F800BB /* Main.storyboard */,
				30953FB82029BE9800F800BB /* SecondViewController.swift */,
				30953F902029BBEA00F800BB /* LaunchScreen.storyboard */,
				30953F932029BBEA00F800BB /* Info.plist */,
			);
			path = Segues;
			sourceTree = "<group>";
		};
		30953F9B2029BBEA00F800BB /* SeguesTests */ = {
			isa = PBXGroup;
			children = (
				30953F9C2029BBEA00F800BB /* SeguesTests.swift */,
				30953F9E2029BBEA00F800BB /* Info.plist */,
			);
			path = SeguesTests;
			sourceTree = "<group>";
		};
		30953FA62029BBEA00F800BB /* SeguesUITests */ = {
			isa = PBXGroup;
			children = (
				30953FA72029BBEA00F800BB /* SeguesUITests.swift */,
				30953FA92029BBEA00F800BB /* Info.plist */,
			);
			path = SeguesUITests;
			sourceTree = "<group>";
		};
/* End PBXGroup section */

/* Begin PBXNativeTarget section */
		30953F832029BBEA00F800BB /* Segues */ = {
			isa = PBXNativeTarget;
			buildConfigurationList = 30953FAC2029BBEA00F800BB /* Build configuration list for PBXNativeTarget "Segues" */;
			buildPhases = (
				30953F802029BBEA00F800BB /* Sources */,
				30953F812029BBEA00F800BB /* Frameworks */,
				30953F822029BBEA00F800BB /* Resources */,
			);
			buildRules = (
			);
			dependencies = (
			);
			name = Segues;
			productName = Segues;
			productReference = 30953F842029BBEA00F800BB /* Segues.app */;
			productType = "com.apple.product-type.application";
		};
		30953F972029BBEA00F800BB /* SeguesTests */ = {
			isa = PBXNativeTarget;
			buildConfigurationList = 30953FAF2029BBEA00F800BB /* Build configuration list for PBXNativeTarget "SeguesTests" */;
			buildPhases = (
				30953F942029BBEA00F800BB /* Sources */,
				30953F952029BBEA00F800BB /* Frameworks */,
				30953F962029BBEA00F800BB /* Resources */,
			);
			buildRules = (
			);
			dependencies = (
				30953F9A2029BBEA00F800BB /* PBXTargetDependency */,
			);
			name = SeguesTests;
			productName = SeguesTests;
			productReference = 30953F982029BBEA00F800BB /* SeguesTests.xctest */;
			productType = "com.apple.product-type.bundle.unit-test";
		};
		30953FA22029BBEA00F800BB /* SeguesUITests */ = {
			isa = PBXNativeTarget;
			buildConfigurationList = 30953FB22029BBEA00F800BB /* Build configuration list for PBXNativeTarget "SeguesUITests" */;
			buildPhases = (
				30953F9F2029BBEA00F800BB /* Sources */,
				30953FA02029BBEA00F800BB /* Frameworks */,
				30953FA12029BBEA00F800BB /* Resources */,
			);
			buildRules = (
			);
			dependencies = (
				30953FA52029BBEA00F800BB /* PBXTargetDependency */,
			);
			name = SeguesUITests;
			productName = SeguesUITests;
			productReference = 30953FA32029BBEA00F800BB /* SeguesUITests.xctest */;
			productType = "com.apple.product-type.bundle.ui-testing";
		};
/* End PBXNativeTarget section */

/* Begin PBXProject section */
		30953F7C2029BBEA00F800BB /* Project object */ = {
			isa = PBXProject;
			attributes = {
				LastSwiftUpdateCheck = 0920;
				LastUpgradeCheck = 0920;
				ORGANIZATIONNAME = "Hakan Akın";
				TargetAttributes = {
					30953F832029BBEA00F800BB = {
						CreatedOnToolsVersion = 9.2;
						ProvisioningStyle = Automatic;
					};
					30953F972029BBEA00F800BB = {
						CreatedOnToolsVersion = 9.2;
						ProvisioningStyle = Automatic;
						TestTargetID = 30953F832029BBEA00F800BB;
					};
					30953FA22029BBEA00F800BB = {
						CreatedOnToolsVersion = 9.2;
						ProvisioningStyle = Automatic;
						TestTargetID = 30953F832029BBEA00F800BB;
					};
				};
			};
			buildConfigurationList = 30953F7F2029BBEA00F800BB /* Build configuration list for PBXProject "Segues" */;
			compatibilityVersion = "Xcode 8.0";
			developmentRegion = en;
			hasScannedForEncodings = 0;
			knownRegions = (
				en,
				Base,
			);
			mainGroup = 30953F7B2029BBEA00F800BB;
			productRefGroup = 30953F852029BBEA00F800BB /* Products */;
			projectDirPath = "";
			projectRoot = "";
			targets = (
				30953F832029BBEA00F800BB /* Segues */,
				30953F972029BBEA00F800BB /* SeguesTests */,
				30953FA22029BBEA00F800BB /* SeguesUITests */,
			);
		};
/* End PBXProject section */

/* Begin PBXResourcesBuildPhase section */
		30953F822029BBEA00F800BB /* Resources */ = {
			isa = PBXResourcesBuildPhase;
			buildActionMask = 2147483647;
			files = (
				30953F922029BBEA00F800BB /* LaunchScreen.storyboard in Resources */,
				30953F8F2029BBEA00F800BB /* Assets.xcassets in Resources */,
				30953F8D2029BBEA00F800BB /* Main.storyboard in Resources */,
			);
			runOnlyForDeploymentPostprocessing = 0;
		};
		30953F962029BBEA00F800BB /* Resources */ = {
			isa = PBXResourcesBuildPhase;
			buildActionMask = 2147483647;
			files = (
			);
			runOnlyForDeploymentPostprocessing = 0;
		};
		30953FA12029BBEA00F800BB /* Resources */ = {
			isa = PBXResourcesBuildPhase;
			buildActionMask = 2147483647;
			files = (
			);
			runOnlyForDeploymentPostprocessing = 0;
		};
/* End PBXResourcesBuildPhase section */

/* Begin PBXSourcesBuildPhase section */
		30953F802029BBEA00F800BB /* Sources */ = {
			isa = PBXSourcesBuildPhase;
			buildActionMask = 2147483647;
			files = (
				30953FB92029BE9800F800BB /* SecondViewController.swift in Sources */,
				30953F8A2029BBEA00F800BB /* ViewController.swift in Sources */,
				30953F882029BBEA00F800BB /* AppDelegate.swift in Sources */,
			);
			runOnlyForDeploymentPostprocessing = 0;
		};
		30953F942029BBEA00F800BB /* Sources */ = {
			isa = PBXSourcesBuildPhase;
			buildActionMask = 2147483647;
			files = (
				30953F9D2029BBEA00F800BB /* SeguesTests.swift in Sources */,
			);
			runOnlyForDeploymentPostprocessing = 0;
		};
		30953F9F2029BBEA00F800BB /* Sources */ = {
			isa = PBXSourcesBuildPhase;
			buildActionMask = 2147483647;
			files = (
				30953FA82029BBEA00F800BB /* SeguesUITests.swift in Sources */,
			);
			runOnlyForDeploymentPostprocessing = 0;
		};
/* End PBXSourcesBuildPhase section */

/* Begin PBXTargetDependency section */
		30953F9A2029BBEA00F800BB /* PBXTargetDependency */ = {
			isa = PBXTargetDependency;
			target = 30953F832029BBEA00F800BB /* Segues */;
			targetProxy = 30953F992029BBEA00F800BB /* PBXContainerItemProxy */;
		};
		30953FA52029BBEA00F800BB /* PBXTargetDependency */ = {
			isa = PBXTargetDependency;
			target = 30953F832029BBEA00F800BB /* Segues */;
			targetProxy = 30953FA42029BBEA00F800BB /* PBXContainerItemProxy */;
		};
/* End PBXTargetDependency section */

/* Begin PBXVariantGroup section */
		30953F8B2029BBEA00F800BB /* Main.storyboard */ = {
			isa = PBXVariantGroup;
			children = (
				30953F8C2029BBEA00F800BB /* Base */,
			);
			name = Main.storyboard;
			sourceTree = "<group>";
		};
		30953F902029BBEA00F800BB /* LaunchScreen.storyboard */ = {
			isa = PBXVariantGroup;
			children = (
				30953F912029BBEA00F800BB /* Base */,
			);
			name = LaunchScreen.storyboard;
			sourceTree = "<group>";
		};
/* End PBXVariantGroup section */

/* Begin XCBuildConfiguration section */
		30953FAA2029BBEA00F800BB /* Debug */ = {
			isa = XCBuildConfiguration;
			buildSettings = {
				ALWAYS_SEARCH_USER_PATHS = NO;
				CLANG_ANALYZER_NONNULL = YES;
				CLANG_ANALYZER_NUMBER_OBJECT_CONVERSION = YES_AGGRESSIVE;
				CLANG_CXX_LANGUAGE_STANDARD = "gnu++14";
				CLANG_CXX_LIBRARY = "libc++";
				CLANG_ENABLE_MODULES = YES;
				CLANG_ENABLE_OBJC_ARC = YES;
				CLANG_WARN_BLOCK_CAPTURE_AUTORELEASING = YES;
				CLANG_WARN_BOOL_CONVERSION = YES;
				CLANG_WARN_COMMA = YES;
				CLANG_WARN_CONSTANT_CONVERSION = YES;
				CLANG_WARN_DIRECT_OBJC_ISA_USAGE = YES_ERROR;
				CLANG_WARN_DOCUMENTATION_COMMENTS = YES;
				CLANG_WARN_EMPTY_BODY = YES;
				CLANG_WARN_ENUM_CONVERSION = YES;
				CLANG_WARN_INFINITE_RECURSION = YES;
				CLANG_WARN_INT_CONVERSION = YES;
				CLANG_WARN_NON_LITERAL_NULL_CONVERSION = YES;
				CLANG_WARN_OBJC_LITERAL_CONVERSION = YES;
				CLANG_WARN_OBJC_ROOT_CLASS = YES_ERROR;
				CLANG_WARN_RANGE_LOOP_ANALYSIS = YES;
				CLANG_WARN_STRICT_PROTOTYPES = YES;
				CLANG_WARN_SUSPICIOUS_MOVE = YES;
				CLANG_WARN_UNGUARDED_AVAILABILITY = YES_AGGRESSIVE;
				CLANG_WARN_UNREACHABLE_CODE = YES;
				CLANG_WARN__DUPLICATE_METHOD_MATCH = YES;
				CODE_SIGN_IDENTITY = "iPhone Developer";
				COPY_PHASE_STRIP = NO;
				DEBUG_INFORMATION_FORMAT = dwarf;
				ENABLE_STRICT_OBJC_MSGSEND = YES;
				ENABLE_TESTABILITY = YES;
				GCC_C_LANGUAGE_STANDARD = gnu11;
				GCC_DYNAMIC_NO_PIC = NO;
				GCC_NO_COMMON_BLOCKS = YES;
				GCC_OPTIMIZATION_LEVEL = 0;
				GCC_PREPROCESSOR_DEFINITIONS = (
					"DEBUG=1",
					"$(inherited)",
				);
				GCC_WARN_64_TO_32_BIT_CONVERSION = YES;
				GCC_WARN_ABOUT_RETURN_TYPE = YES_ERROR;
				GCC_WARN_UNDECLARED_SELECTOR = YES;
				GCC_WARN_UNINITIALIZED_AUTOS = YES_AGGRESSIVE;
				GCC_WARN_UNUSED_FUNCTION = YES;
				GCC_WARN_UNUSED_VARIABLE = YES;
				IPHONEOS_DEPLOYMENT_TARGET = 11.2;
				MTL_ENABLE_DEBUG_INFO = YES;
				ONLY_ACTIVE_ARCH = YES;
				SDKROOT = iphoneos;
				SWIFT_ACTIVE_COMPILATION_CONDITIONS = DEBUG;
				SWIFT_OPTIMIZATION_LEVEL = "-Onone";
			};
			name = Debug;
		};
		30953FAB2029BBEA00F800BB /* Release */ = {
			isa = XCBuildConfiguration;
			buildSettings = {
				ALWAYS_SEARCH_USER_PATHS = NO;
				CLANG_ANALYZER_NONNULL = YES;
				CLANG_ANALYZER_NUMBER_OBJECT_CONVERSION = YES_AGGRESSIVE;
				CLANG_CXX_LANGUAGE_STANDARD = "gnu++14";
				CLANG_CXX_LIBRARY = "libc++";
				CLANG_ENABLE_MODULES = YES;
				CLANG_ENABLE_OBJC_ARC = YES;
				CLANG_WARN_BLOCK_CAPTURE_AUTORELEASING = YES;
				CLANG_WARN_BOOL_CONVERSION = YES;
				CLANG_WARN_COMMA = YES;
				CLANG_WARN_CONSTANT_CONVERSION = YES;
				CLANG_WARN_DIRECT_OBJC_ISA_USAGE = YES_ERROR;
				CLANG_WARN_DOCUMENTATION_COMMENTS = YES;
				CLANG_WARN_EMPTY_BODY = YES;
				CLANG_WARN_ENUM_CONVERSION = YES;
				CLANG_WARN_INFINITE_RECURSION = YES;
				CLANG_WARN_INT_CONVERSION = YES;
				CLANG_WARN_NON_LITERAL_NULL_CONVERSION = YES;
				CLANG_WARN_OBJC_LITERAL_CONVERSION = YES;
				CLANG_WARN_OBJC_ROOT_CLASS = YES_ERROR;
				CLANG_WARN_RANGE_LOOP_ANALYSIS = YES;
				CLANG_WARN_STRICT_PROTOTYPES = YES;
				CLANG_WARN_SUSPICIOUS_MOVE = YES;
				CLANG_WARN_UNGUARDED_AVAILABILITY = YES_AGGRESSIVE;
				CLANG_WARN_UNREACHABLE_CODE = YES;
				CLANG_WARN__DUPLICATE_METHOD_MATCH = YES;
				CODE_SIGN_IDENTITY = "iPhone Developer";
				COPY_PHASE_STRIP = NO;
				DEBUG_INFORMATION_FORMAT = "dwarf-with-dsym";
				ENABLE_NS_ASSERTIONS = NO;
				ENABLE_STRICT_OBJC_MSGSEND = YES;
				GCC_C_LANGUAGE_STANDARD = gnu11;
				GCC_NO_COMMON_BLOCKS = YES;
				GCC_WARN_64_TO_32_BIT_CONVERSION = YES;
				GCC_WARN_ABOUT_RETURN_TYPE = YES_ERROR;
				GCC_WARN_UNDECLARED_SELECTOR = YES;
				GCC_WARN_UNINITIALIZED_AUTOS = YES_AGGRESSIVE;
				GCC_WARN_UNUSED_FUNCTION = YES;
				GCC_WARN_UNUSED_VARIABLE = YES;
				IPHONEOS_DEPLOYMENT_TARGET = 11.2;
				MTL_ENABLE_DEBUG_INFO = NO;
				SDKROOT = iphoneos;
				SWIFT_OPTIMIZATION_LEVEL = "-Owholemodule";
				VALIDATE_PRODUCT = YES;
			};
			name = Release;
		};
		30953FAD2029BBEA00F800BB /* Debug */ = {
			isa = XCBuildConfiguration;
			buildSettings = {
				ASSETCATALOG_COMPILER_APPICON_NAME = AppIcon;
				CODE_SIGN_STYLE = Automatic;
				INFOPLIST_FILE = Segues/Info.plist;
				LD_RUNPATH_SEARCH_PATHS = "$(inherited) @executable_path/Frameworks";
				PRODUCT_BUNDLE_IDENTIFIER = hakanakin.Segues;
				PRODUCT_NAME = "$(TARGET_NAME)";
				SWIFT_VERSION = 4.0;
				TARGETED_DEVICE_FAMILY = "1,2";
			};
			name = Debug;
		};
		30953FAE2029BBEA00F800BB /* Release */ = {
			isa = XCBuildConfiguration;
			buildSettings = {
				ASSETCATALOG_COMPILER_APPICON_NAME = AppIcon;
				CODE_SIGN_STYLE = Automatic;
				INFOPLIST_FILE = Segues/Info.plist;
				LD_RUNPATH_SEARCH_PATHS = "$(inherited) @executable_path/Frameworks";
				PRODUCT_BUNDLE_IDENTIFIER = hakanakin.Segues;
				PRODUCT_NAME = "$(TARGET_NAME)";
				SWIFT_VERSION = 4.0;
				TARGETED_DEVICE_FAMILY = "1,2";
			};
			name = Release;
		};
		30953FB02029BBEA00F800BB /* Debug */ = {
			isa = XCBuildConfiguration;
			buildSettings = {
				ALWAYS_EMBED_SWIFT_STANDARD_LIBRARIES = YES;
				BUNDLE_LOADER = "$(TEST_HOST)";
				CODE_SIGN_STYLE = Automatic;
				INFOPLIST_FILE = SeguesTests/Info.plist;
				LD_RUNPATH_SEARCH_PATHS = "$(inherited) @executable_path/Frameworks @loader_path/Frameworks";
				PRODUCT_BUNDLE_IDENTIFIER = hakanakin.SeguesTests;
				PRODUCT_NAME = "$(TARGET_NAME)";
				SWIFT_VERSION = 4.0;
				TARGETED_DEVICE_FAMILY = "1,2";
				TEST_HOST = "$(BUILT_PRODUCTS_DIR)/Segues.app/Segues";
			};
			name = Debug;
		};
		30953FB12029BBEA00F800BB /* Release */ = {
			isa = XCBuildConfiguration;
			buildSettings = {
				ALWAYS_EMBED_SWIFT_STANDARD_LIBRARIES = YES;
				BUNDLE_LOADER = "$(TEST_HOST)";
				CODE_SIGN_STYLE = Automatic;
				INFOPLIST_FILE = SeguesTests/Info.plist;
				LD_RUNPATH_SEARCH_PATHS = "$(inherited) @executable_path/Frameworks @loader_path/Frameworks";
				PRODUCT_BUNDLE_IDENTIFIER = hakanakin.SeguesTests;
				PRODUCT_NAME = "$(TARGET_NAME)";
				SWIFT_VERSION = 4.0;
				TARGETED_DEVICE_FAMILY = "1,2";
				TEST_HOST = "$(BUILT_PRODUCTS_DIR)/Segues.app/Segues";
			};
			name = Release;
		};
		30953FB32029BBEA00F800BB /* Debug */ = {
			isa = XCBuildConfiguration;
			buildSettings = {
				ALWAYS_EMBED_SWIFT_STANDARD_LIBRARIES = YES;
				CODE_SIGN_STYLE = Automatic;
				INFOPLIST_FILE = SeguesUITests/Info.plist;
				LD_RUNPATH_SEARCH_PATHS = "$(inherited) @executable_path/Frameworks @loader_path/Frameworks";
				PRODUCT_BUNDLE_IDENTIFIER = hakanakin.SeguesUITests;
				PRODUCT_NAME = "$(TARGET_NAME)";
				SWIFT_VERSION = 4.0;
				TARGETED_DEVICE_FAMILY = "1,2";
				TEST_TARGET_NAME = Segues;
			};
			name = Debug;
		};
		30953FB42029BBEA00F800BB /* Release */ = {
			isa = XCBuildConfiguration;
			buildSettings = {
				ALWAYS_EMBED_SWIFT_STANDARD_LIBRARIES = YES;
				CODE_SIGN_STYLE = Automatic;
				INFOPLIST_FILE = SeguesUITests/Info.plist;
				LD_RUNPATH_SEARCH_PATHS = "$(inherited) @executable_path/Frameworks @loader_path/Frameworks";
				PRODUCT_BUNDLE_IDENTIFIER = hakanakin.SeguesUITests;
				PRODUCT_NAME = "$(TARGET_NAME)";
				SWIFT_VERSION = 4.0;
				TARGETED_DEVICE_FAMILY = "1,2";
				TEST_TARGET_NAME = Segues;
			};
			name = Release;
		};
/* End XCBuildConfiguration section */

/* Begin XCConfigurationList section */
		30953F7F2029BBEA00F800BB /* Build configuration list for PBXProject "Segues" */ = {
			isa = XCConfigurationList;
			buildConfigurations = (
				30953FAA2029BBEA00F800BB /* Debug */,
				30953FAB2029BBEA00F800BB /* Release */,
			);
			defaultConfigurationIsVisible = 0;
			defaultConfigurationName = Release;
		};
		30953FAC2029BBEA00F800BB /* Build configuration list for PBXNativeTarget "Segues" */ = {
			isa = XCConfigurationList;
			buildConfigurations = (
				30953FAD2029BBEA00F800BB /* Debug */,
				30953FAE2029BBEA00F800BB /* Release */,
			);
			defaultConfigurationIsVisible = 0;
			defaultConfigurationName = Release;
		};
		30953FAF2029BBEA00F800BB /* Build configuration list for PBXNativeTarget "SeguesTests" */ = {
			isa = XCConfigurationList;
			buildConfigurations = (
				30953FB02029BBEA00F800BB /* Debug */,
				30953FB12029BBEA00F800BB /* Release */,
			);
			defaultConfigurationIsVisible = 0;
			defaultConfigurationName = Release;
		};
		30953FB22029BBEA00F800BB /* Build configuration list for PBXNativeTarget "SeguesUITests" */ = {
			isa = XCConfigurationList;
			buildConfigurations = (
				30953FB32029BBEA00F800BB /* Debug */,
				30953FB42029BBEA00F800BB /* Release */,
			);
			defaultConfigurationIsVisible = 0;
			defaultConfigurationName = Release;
		};
/* End XCConfigurationList section */
	};
	rootObject = 30953F7C2029BBEA00F800BB /* Project object */;
}
